# THIS IS AN AUTOGENERATED FILE. DO NOT EDIT THIS FILE DIRECTLY.
# yarn lockfile v1


node-addon-api@^8.0.0:
  version "8.0.0"
  resolved "https://registry.yarnpkg.com/node-addon-api/-/node-addon-api-8.0.0.tgz#5453b7ad59dd040d12e0f1a97a6fa1c765c5c9d2"
  integrity sha512-ipO7rsHEBqa9STO5C5T10fj732ml+5kLN1cAG8/jdHd56ldQeGj3Q7+scUS+VHK/qy1zLEwC4wMK5+yM0btPvw==

node-api-headers@^1.1.0:
  version "1.1.0"
  resolved "https://registry.yarnpkg.com/node-api-headers/-/node-api-headers-1.1.0.tgz#3f9dd7bb10b29e1c3e3db675979605a308b2373c"
  integrity sha512-ucQW+SbYCUPfprvmzBsnjT034IGRB2XK8rRc78BgjNKhTdFKgAwAmgW704bKIBmcYW48it0Gkjpkd39Azrwquw==
