# This file is generated by running "yarn install" inside your project.
# Manual changes might be lost - proceed with caution!

__metadata:
  version: 8
  cacheKey: 10c0

"@aztec/wasm-bench@workspace:.":
  version: 0.0.0-use.local
  resolution: "@aztec/wasm-bench@workspace:."
  dependencies:
    "@types/node": "npm:20"
    commander: "npm:^12.1.0"
    esbuild: "npm:^0.25.12"
    msgpackr: "npm:^1.11.2"
    pako: "npm:^2.1.0"
  languageName: unknown
  linkType: soft

"@esbuild/aix-ppc64@npm:0.25.12":
  version: 0.25.12
  resolution: "@esbuild/aix-ppc64@npm:0.25.12"
  conditions: os=aix & cpu=ppc64
  languageName: node
  linkType: hard

"@esbuild/android-arm64@npm:0.25.12":
  version: 0.25.12
  resolution: "@esbuild/android-arm64@npm:0.25.12"
  conditions: os=android & cpu=arm64
  languageName: node
  linkType: hard

"@esbuild/android-arm@npm:0.25.12":
  version: 0.25.12
  resolution: "@esbuild/android-arm@npm:0.25.12"
  conditions: os=android & cpu=arm
  languageName: node
  linkType: hard

"@esbuild/android-x64@npm:0.25.12":
  version: 0.25.12
  resolution: "@esbuild/android-x64@npm:0.25.12"
  conditions: os=android & cpu=x64
  languageName: node
  linkType: hard

"@esbuild/darwin-arm64@npm:0.25.12":
  version: 0.25.12
  resolution: "@esbuild/darwin-arm64@npm:0.25.12"
  conditions: os=darwin & cpu=arm64
  languageName: node
  linkType: hard

"@esbuild/darwin-x64@npm:0.25.12":
  version: 0.25.12
  resolution: "@esbuild/darwin-x64@npm:0.25.12"
  conditions: os=darwin & cpu=x64
  languageName: node
  linkType: hard

"@esbuild/freebsd-arm64@npm:0.25.12":
  version: 0.25.12
  resolution: "@esbuild/freebsd-arm64@npm:0.25.12"
  conditions: os=freebsd & cpu=arm64
  languageName: node
  linkType: hard

"@esbuild/freebsd-x64@npm:0.25.12":
  version: 0.25.12
  resolution: "@esbuild/freebsd-x64@npm:0.25.12"
  conditions: os=freebsd & cpu=x64
  languageName: node
  linkType: hard

"@esbuild/linux-arm64@npm:0.25.12":
  version: 0.25.12
  resolution: "@esbuild/linux-arm64@npm:0.25.12"
  conditions: os=linux & cpu=arm64
  languageName: node
  linkType: hard

"@esbuild/linux-arm@npm:0.25.12":
  version: 0.25.12
  resolution: "@esbuild/linux-arm@npm:0.25.12"
  conditions: os=linux & cpu=arm
  languageName: node
  linkType: hard

"@esbuild/linux-ia32@npm:0.25.12":
  version: 0.25.12
  resolution: "@esbuild/linux-ia32@npm:0.25.12"
  conditions: os=linux & cpu=ia32
  languageName: node
  linkType: hard

"@esbuild/linux-loong64@npm:0.25.12":
  version: 0.25.12
  resolution: "@esbuild/linux-loong64@npm:0.25.12"
  conditions: os=linux & cpu=loong64
  languageName: node
  linkType: hard

"@esbuild/linux-mips64el@npm:0.25.12":
  version: 0.25.12
  resolution: "@esbuild/linux-mips64el@npm:0.25.12"
  conditions: os=linux & cpu=mips64el
  languageName: node
  linkType: hard

"@esbuild/linux-ppc64@npm:0.25.12":
  version: 0.25.12
  resolution: "@esbuild/linux-ppc64@npm:0.25.12"
  conditions: os=linux & cpu=ppc64
  languageName: node
  linkType: hard

"@esbuild/linux-riscv64@npm:0.25.12":
  version: 0.25.12
  resolution: "@esbuild/linux-riscv64@npm:0.25.12"
  conditions: os=linux & cpu=riscv64
  languageName: node
  linkType: hard

"@esbuild/linux-s390x@npm:0.25.12":
  version: 0.25.12
  resolution: "@esbuild/linux-s390x@npm:0.25.12"
  conditions: os=linux & cpu=s390x
  languageName: node
  linkType: hard

"@esbuild/linux-x64@npm:0.25.12":
  version: 0.25.12
  resolution: "@esbuild/linux-x64@npm:0.25.12"
  conditions: os=linux & cpu=x64
  languageName: node
  linkType: hard

"@esbuild/netbsd-arm64@npm:0.25.12":
  version: 0.25.12
  resolution: "@esbuild/netbsd-arm64@npm:0.25.12"
  conditions: os=netbsd & cpu=arm64
  languageName: node
  linkType: hard

"@esbuild/netbsd-x64@npm:0.25.12":
  version: 0.25.12
  resolution: "@esbuild/netbsd-x64@npm:0.25.12"
  conditions: os=netbsd & cpu=x64
  languageName: node
  linkType: hard

"@esbuild/openbsd-arm64@npm:0.25.12":
  version: 0.25.12
  resolution: "@esbuild/openbsd-arm64@npm:0.25.12"
  conditions: os=openbsd & cpu=arm64
  languageName: node
  linkType: hard

"@esbuild/openbsd-x64@npm:0.25.12":
  version: 0.25.12
  resolution: "@esbuild/openbsd-x64@npm:0.25.12"
  conditions: os=openbsd & cpu=x64
  languageName: node
  linkType: hard

"@esbuild/openharmony-arm64@npm:0.25.12":
  version: 0.25.12
  resolution: "@esbuild/openharmony-arm64@npm:0.25.12"
  conditions: os=openharmony & cpu=arm64
  languageName: node
  linkType: hard

"@esbuild/sunos-x64@npm:0.25.12":
  version: 0.25.12
  resolution: "@esbuild/sunos-x64@npm:0.25.12"
  conditions: os=sunos & cpu=x64
  languageName: node
  linkType: hard

"@esbuild/win32-arm64@npm:0.25.12":
  version: 0.25.12
  resolution: "@esbuild/win32-arm64@npm:0.25.12"
  conditions: os=win32 & cpu=arm64
  languageName: node
  linkType: hard

"@esbuild/win32-ia32@npm:0.25.12":
  version: 0.25.12
  resolution: "@esbuild/win32-ia32@npm:0.25.12"
  conditions: os=win32 & cpu=ia32
  languageName: node
  linkType: hard

"@esbuild/win32-x64@npm:0.25.12":
  version: 0.25.12
  resolution: "@esbuild/win32-x64@npm:0.25.12"
  conditions: os=win32 & cpu=x64
  languageName: node
  linkType: hard

"@isaacs/fs-minipass@npm:^4.0.0":
  version: 4.0.1
  resolution: "@isaacs/fs-minipass@npm:4.0.1"
  dependencies:
    minipass: "npm:^7.0.4"
  checksum: 10c0/c25b6dc1598790d5b55c0947a9b7d111cfa92594db5296c3b907e2f533c033666f692a3939eadac17b1c7c40d362d0b0635dc874cbfe3e70db7c2b07cc97a5d2
  languageName: node
  linkType: hard

"@msgpackr-extract/msgpackr-extract-darwin-arm64@npm:3.0.3":
  version: 3.0.3
  resolution: "@msgpackr-extract/msgpackr-extract-darwin-arm64@npm:3.0.3"
  conditions: os=darwin & cpu=arm64
  languageName: node
  linkType: hard

"@msgpackr-extract/msgpackr-extract-darwin-x64@npm:3.0.3":
  version: 3.0.3
  resolution: "@msgpackr-extract/msgpackr-extract-darwin-x64@npm:3.0.3"
  conditions: os=darwin & cpu=x64
  languageName: node
  linkType: hard

"@msgpackr-extract/msgpackr-extract-linux-arm64@npm:3.0.3":
  version: 3.0.3
  resolution: "@msgpackr-extract/msgpackr-extract-linux-arm64@npm:3.0.3"
  conditions: os=linux & cpu=arm64
  languageName: node
  linkType: hard

"@msgpackr-extract/msgpackr-extract-linux-arm@npm:3.0.3":
  version: 3.0.3
  resolution: "@msgpackr-extract/msgpackr-extract-linux-arm@npm:3.0.3"
  conditions: os=linux & cpu=arm
  languageName: node
  linkType: hard

"@msgpackr-extract/msgpackr-extract-linux-x64@npm:3.0.3":
  version: 3.0.3
  resolution: "@msgpackr-extract/msgpackr-extract-linux-x64@npm:3.0.3"
  conditions: os=linux & cpu=x64
  languageName: node
  linkType: hard

"@msgpackr-extract/msgpackr-extract-win32-x64@npm:3.0.3":
  version: 3.0.3
  resolution: "@msgpackr-extract/msgpackr-extract-win32-x64@npm:3.0.3"
  conditions: os=win32 & cpu=x64
  languageName: node
  linkType: hard

"@types/node@npm:20":
  version: 20.19.41
  resolution: "@types/node@npm:20.19.41"
  dependencies:
    undici-types: "npm:~6.21.0"
  checksum: 10c0/aa2a07317bbd700bea68d5784b403a738dbcebadbe2d8ef05649f7953065120d5d37f7edfdd7881df3a3bd15328c8a4dc46fdd69732ab540d552c505378c585b
  languageName: node
  linkType: hard

"abbrev@npm:^4.0.0":
  version: 4.0.0
  resolution: "abbrev@npm:4.0.0"
  checksum: 10c0/b4cc16935235e80702fc90192e349e32f8ef0ed151ef506aa78c81a7c455ec18375c4125414b99f84b2e055199d66383e787675f0bcd87da7a4dbd59f9eac1d5
  languageName: node
  linkType: hard

"chownr@npm:^3.0.0":
  version: 3.0.0
  resolution: "chownr@npm:3.0.0"
  checksum: 10c0/43925b87700f7e3893296c8e9c56cc58f926411cce3a6e5898136daaf08f08b9a8eb76d37d3267e707d0dcc17aed2e2ebdf5848c0c3ce95cf910a919935c1b10
  languageName: node
  linkType: hard

"commander@npm:^12.1.0":
  version: 12.1.0
  resolution: "commander@npm:12.1.0"
  checksum: 10c0/6e1996680c083b3b897bfc1cfe1c58dfbcd9842fd43e1aaf8a795fbc237f65efcc860a3ef457b318e73f29a4f4a28f6403c3d653d021d960e4632dd45bde54a9
  languageName: node
  linkType: hard

"detect-libc@npm:^2.0.1":
  version: 2.1.2
  resolution: "detect-libc@npm:2.1.2"
  checksum: 10c0/acc675c29a5649fa1fb6e255f993b8ee829e510b6b56b0910666949c80c364738833417d0edb5f90e4e46be17228b0f2b66a010513984e18b15deeeac49369c4
  languageName: node
  linkType: hard

"env-paths@npm:^2.2.0":
  version: 2.2.1
  resolution: "env-paths@npm:2.2.1"
  checksum: 10c0/285325677bf00e30845e330eec32894f5105529db97496ee3f598478e50f008c5352a41a30e5e72ec9de8a542b5a570b85699cd63bd2bc646dbcb9f311d83bc4
  languageName: node
  linkType: hard

"esbuild@npm:^0.25.12":
  version: 0.25.12
  resolution: "esbuild@npm:0.25.12"
  dependencies:
    "@esbuild/aix-ppc64": "npm:0.25.12"
    "@esbuild/android-arm": "npm:0.25.12"
    "@esbuild/android-arm64": "npm:0.25.12"
    "@esbuild/android-x64": "npm:0.25.12"
    "@esbuild/darwin-arm64": "npm:0.25.12"
    "@esbuild/darwin-x64": "npm:0.25.12"
    "@esbuild/freebsd-arm64": "npm:0.25.12"
    "@esbuild/freebsd-x64": "npm:0.25.12"
    "@esbuild/linux-arm": "npm:0.25.12"
    "@esbuild/linux-arm64": "npm:0.25.12"
    "@esbuild/linux-ia32": "npm:0.25.12"
    "@esbuild/linux-loong64": "npm:0.25.12"
    "@esbuild/linux-mips64el": "npm:0.25.12"
    "@esbuild/linux-ppc64": "npm:0.25.12"
    "@esbuild/linux-riscv64": "npm:0.25.12"
    "@esbuild/linux-s390x": "npm:0.25.12"
    "@esbuild/linux-x64": "npm:0.25.12"
    "@esbuild/netbsd-arm64": "npm:0.25.12"
    "@esbuild/netbsd-x64": "npm:0.25.12"
    "@esbuild/openbsd-arm64": "npm:0.25.12"
    "@esbuild/openbsd-x64": "npm:0.25.12"
    "@esbuild/openharmony-arm64": "npm:0.25.12"
    "@esbuild/sunos-x64": "npm:0.25.12"
    "@esbuild/win32-arm64": "npm:0.25.12"
    "@esbuild/win32-ia32": "npm:0.25.12"
    "@esbuild/win32-x64": "npm:0.25.12"
  dependenciesMeta:
    "@esbuild/aix-ppc64":
      optional: true
    "@esbuild/android-arm":
      optional: true
    "@esbuild/android-arm64":
      optional: true
    "@esbuild/android-x64":
      optional: true
    "@esbuild/darwin-arm64":
      optional: true
    "@esbuild/darwin-x64":
      optional: true
    "@esbuild/freebsd-arm64":
      optional: true
    "@esbuild/freebsd-x64":
      optional: true
    "@esbuild/linux-arm":
      optional: true
    "@esbuild/linux-arm64":
      optional: true
    "@esbuild/linux-ia32":
      optional: true
    "@esbuild/linux-loong64":
      optional: true
    "@esbuild/linux-mips64el":
      optional: true
    "@esbuild/linux-ppc64":
      optional: true
    "@esbuild/linux-riscv64":
      optional: true
    "@esbuild/linux-s390x":
      optional: true
    "@esbuild/linux-x64":
      optional: true
    "@esbuild/netbsd-arm64":
      optional: true
    "@esbuild/netbsd-x64":
      optional: true
    "@esbuild/openbsd-arm64":
      optional: true
    "@esbuild/openbsd-x64":
      optional: true
    "@esbuild/openharmony-arm64":
      optional: true
    "@esbuild/sunos-x64":
      optional: true
    "@esbuild/win32-arm64":
      optional: true
    "@esbuild/win32-ia32":
      optional: true
    "@esbuild/win32-x64":
      optional: true
  bin:
    esbuild: bin/esbuild
  checksum: 10c0/c205357531423220a9de8e1e6c6514242bc9b1666e762cd67ccdf8fdfdc3f1d0bd76f8d9383958b97ad4c953efdb7b6e8c1f9ca5951cd2b7c5235e8755b34a6b
  languageName: node
  linkType: hard

"exponential-backoff@npm:^3.1.1":
  version: 3.1.3
  resolution: "exponential-backoff@npm:3.1.3"
  checksum: 10c0/77e3ae682b7b1f4972f563c6dbcd2b0d54ac679e62d5d32f3e5085feba20483cf28bd505543f520e287a56d4d55a28d7874299941faf637e779a1aa5994d1267
  languageName: node
  linkType: hard

"fdir@npm:^6.5.0":
  version: 6.5.0
  resolution: "fdir@npm:6.5.0"
  peerDependencies:
    picomatch: ^3 || ^4
  peerDependenciesMeta:
    picomatch:
      optional: true
  checksum: 10c0/e345083c4306b3aed6cb8ec551e26c36bab5c511e99ea4576a16750ddc8d3240e63826cc624f5ae17ad4dc82e68a253213b60d556c11bfad064b7607847ed07f
  languageName: node
  linkType: hard

"graceful-fs@npm:^4.2.6":
  version: 4.2.11
  resolution: "graceful-fs@npm:4.2.11"
  checksum: 10c0/386d011a553e02bc594ac2ca0bd6d9e4c22d7fa8cfbfc448a6d148c59ea881b092db9dbe3547ae4b88e55f1b01f7c4a2ecc53b310c042793e63aa44cf6c257f2
  languageName: node
  linkType: hard

"isexe@npm:^4.0.0":
  version: 4.0.0
  resolution: "isexe@npm:4.0.0"
  checksum: 10c0/5884815115bceac452877659a9c7726382531592f43dc29e5d48b7c4100661aed54018cb90bd36cb2eaeba521092570769167acbb95c18d39afdccbcca06c5ce
  languageName: node
  linkType: hard

"minipass@npm:^7.0.4, minipass@npm:^7.1.2":
  version: 7.1.3
  resolution: "minipass@npm:7.1.3"
  checksum: 10c0/539da88daca16533211ea5a9ee98dc62ff5742f531f54640dd34429e621955e91cc280a91a776026264b7f9f6735947629f920944e9c1558369e8bf22eb33fbb
  languageName: node
  linkType: hard

"minizlib@npm:^3.1.0":
  version: 3.1.0
  resolution: "minizlib@npm:3.1.0"
  dependencies:
    minipass: "npm:^7.1.2"
  checksum: 10c0/5aad75ab0090b8266069c9aabe582c021ae53eb33c6c691054a13a45db3b4f91a7fb1bd79151e6b4e9e9a86727b522527c0a06ec7d45206b745d54cd3097bcec
  languageName: node
  linkType: hard

"msgpackr-extract@npm:^3.0.2":
  version: 3.0.3
  resolution: "msgpackr-extract@npm:3.0.3"
  dependencies:
    "@msgpackr-extract/msgpackr-extract-darwin-arm64": "npm:3.0.3"
    "@msgpackr-extract/msgpackr-extract-darwin-x64": "npm:3.0.3"
    "@msgpackr-extract/msgpackr-extract-linux-arm": "npm:3.0.3"
    "@msgpackr-extract/msgpackr-extract-linux-arm64": "npm:3.0.3"
    "@msgpackr-extract/msgpackr-extract-linux-x64": "npm:3.0.3"
    "@msgpackr-extract/msgpackr-extract-win32-x64": "npm:3.0.3"
    node-gyp: "npm:latest"
    node-gyp-build-optional-packages: "npm:5.2.2"
  dependenciesMeta:
    "@msgpackr-extract/msgpackr-extract-darwin-arm64":
      optional: true
    "@msgpackr-extract/msgpackr-extract-darwin-x64":
      optional: true
    "@msgpackr-extract/msgpackr-extract-linux-arm":
      optional: true
    "@msgpackr-extract/msgpackr-extract-linux-arm64":
      optional: true
    "@msgpackr-extract/msgpackr-extract-linux-x64":
      optional: true
    "@msgpackr-extract/msgpackr-extract-win32-x64":
      optional: true
  bin:
    download-msgpackr-prebuilds: bin/download-prebuilds.js
  checksum: 10c0/e504fd8bf86a29d7527c83776530ee6dc92dcb0273bb3679fd4a85173efead7f0ee32fb82c8410a13c33ef32828c45f81118ffc0fbed5d6842e72299894623b4
  languageName: node
  linkType: hard

"msgpackr@npm:^1.11.2":
  version: 1.11.12
  resolution: "msgpackr@npm:1.11.12"
  dependencies:
    msgpackr-extract: "npm:^3.0.2"
  dependenciesMeta:
    msgpackr-extract:
      optional: true
  checksum: 10c0/e9f1460e363dbd8c81a5c1b5829980edea7d76e91d570d094d0a4dae0d8ad12f64dea11b2be15f3d7b48d615fa9d3c9b600a6894fd272526087fa33753b5fd16
  languageName: node
  linkType: hard

"node-gyp-build-optional-packages@npm:5.2.2":
  version: 5.2.2
  resolution: "node-gyp-build-optional-packages@npm:5.2.2"
  dependencies:
    detect-libc: "npm:^2.0.1"
  bin:
    node-gyp-build-optional-packages: bin.js
    node-gyp-build-optional-packages-optional: optional.js
    node-gyp-build-optional-packages-test: build-test.js
  checksum: 10c0/c81128c6f91873381be178c5eddcbdf66a148a6a89a427ce2bcd457593ce69baf2a8662b6d22cac092d24aa9c43c230dec4e69b3a0da604503f4777cd77e282b
  languageName: node
  linkType: hard

"node-gyp@npm:latest":
  version: 12.3.0
  resolution: "node-gyp@npm:12.3.0"
  dependencies:
    env-paths: "npm:^2.2.0"
    exponential-backoff: "npm:^3.1.1"
    graceful-fs: "npm:^4.2.6"
    nopt: "npm:^9.0.0"
    proc-log: "npm:^6.0.0"
    semver: "npm:^7.3.5"
    tar: "npm:^7.5.4"
    tinyglobby: "npm:^0.2.12"
    undici: "npm:^6.25.0"
    which: "npm:^6.0.0"
  bin:
    node-gyp: bin/node-gyp.js
  checksum: 10c0/9d9032b405cbe42f72a105259d9eb679376470c102df4a2dbaa51e07d59bf741dcffb85897087ea9d8318b9cabb824a8978af51508ae142f0239ae1e6a3c2329
  languageName: node
  linkType: hard

"nopt@npm:^9.0.0":
  version: 9.0.0
  resolution: "nopt@npm:9.0.0"
  dependencies:
    abbrev: "npm:^4.0.0"
  bin:
    nopt: bin/nopt.js
  checksum: 10c0/1822eb6f9b020ef6f7a7516d7b64a8036e09666ea55ac40416c36e4b2b343122c3cff0e2f085675f53de1d2db99a2a89a60ccea1d120bcd6a5347bf6ceb4a7fd
  languageName: node
  linkType: hard

"pako@npm:^2.1.0":
  version: 2.1.0
  resolution: "pako@npm:2.1.0"
  checksum: 10c0/8e8646581410654b50eb22a5dfd71159cae98145bd5086c9a7a816ec0370b5f72b4648d08674624b3870a521e6a3daffd6c2f7bc00fdefc7063c9d8232ff5116
  languageName: node
  linkType: hard

"picomatch@npm:^4.0.4":
  version: 4.0.4
  resolution: "picomatch@npm:4.0.4"
  checksum: 10c0/e2c6023372cc7b5764719a5ffb9da0f8e781212fa7ca4bd0562db929df8e117460f00dff3cb7509dacfc06b86de924b247f504d0ce1806a37fac4633081466b0
  languageName: node
  linkType: hard

"proc-log@npm:^6.0.0":
  version: 6.1.0
  resolution: "proc-log@npm:6.1.0"
  checksum: 10c0/4f178d4062733ead9d71a9b1ab24ebcecdfe2250916a5b1555f04fe2eda972a0ec76fbaa8df1ad9c02707add6749219d118a4fc46dc56bdfe4dde4b47d80bb82
  languageName: node
  linkType: hard

"semver@npm:^7.3.5":
  version: 7.8.0
  resolution: "semver@npm:7.8.0"
  bin:
    semver: bin/semver.js
  checksum: 10c0/8f096ca9b80ffd47b308d03f9ce8c873e27e2983f36023c559cdc92c51e8433fc23ebbfe57ec9623fc155636a6961ee989501099841ae4bb1babc8d2b3f048cd
  languageName: node
  linkType: hard

"tar@npm:^7.5.4":
  version: 7.5.15
  resolution: "tar@npm:7.5.15"
  dependencies:
    "@isaacs/fs-minipass": "npm:^4.0.0"
    chownr: "npm:^3.0.0"
    minipass: "npm:^7.1.2"
    minizlib: "npm:^3.1.0"
    yallist: "npm:^5.0.0"
  checksum: 10c0/8f039edb1d12fdd7df6c6f9877d125afe9f3da3f5f9317df326fdd090d48793d6998cede1506a1471f3e3a250db270a89dace28005eb5e99c5a9132d704ac956
  languageName: node
  linkType: hard

"tinyglobby@npm:^0.2.12":
  version: 0.2.16
  resolution: "tinyglobby@npm:0.2.16"
  dependencies:
    fdir: "npm:^6.5.0"
    picomatch: "npm:^4.0.4"
  checksum: 10c0/f2e09fd93dd95c41e522113b686ff6f7c13020962f8698a864a257f3d7737599afc47722b7ab726e12f8a813f779906187911ff8ee6701ede65072671a7e934b
  languageName: node
  linkType: hard

"undici-types@npm:~6.21.0":
  version: 6.21.0
  resolution: "undici-types@npm:6.21.0"
  checksum: 10c0/c01ed51829b10aa72fc3ce64b747f8e74ae9b60eafa19a7b46ef624403508a54c526ffab06a14a26b3120d055e1104d7abe7c9017e83ced038ea5cf52f8d5e04
  languageName: node
  linkType: hard

"undici@npm:^6.25.0":
  version: 6.25.0
  resolution: "undici@npm:6.25.0"
  checksum: 10c0/2597cc6689bdb02c210c557b1f85febbfda65becae6e6fc1061508e2f33734d25207f81cd8af56ada9956329eb3a7bd7431e87dcfeceba20ee87059b57dcf985
  languageName: node
  linkType: hard

"which@npm:^6.0.0":
  version: 6.0.1
  resolution: "which@npm:6.0.1"
  dependencies:
    isexe: "npm:^4.0.0"
  bin:
    node-which: bin/which.js
  checksum: 10c0/7e710e54ea36d2d6183bee2f9caa27a3b47b9baf8dee55a199b736fcf85eab3b9df7556fca3d02b50af7f3dfba5ea3a45644189836df06267df457e354da66d5
  languageName: node
  linkType: hard

"yallist@npm:^5.0.0":
  version: 5.0.0
  resolution: "yallist@npm:5.0.0"
  checksum: 10c0/a499c81ce6d4a1d260d4ea0f6d49ab4da09681e32c3f0472dee16667ed69d01dae63a3b81745a24bd78476ec4fcf856114cb4896ace738e01da34b2c42235416
  languageName: node
  linkType: hard
