# This file is generated by running "yarn install" inside your project.
# Manual changes might be lost - proceed with caution!

__metadata:
  version: 8
  cacheKey: 10

"@aztec-docs/aztecjs-connection@workspace:.":
  version: 0.0.0-use.local
  resolution: "@aztec-docs/aztecjs-connection@workspace:."
  dependencies:
    "@aztec/accounts": "link:../../../../yarn-project/accounts"
    "@aztec/aztec.js": "link:../../../../yarn-project/aztec.js"
    "@aztec/ethereum": "link:../../../../yarn-project/ethereum"
    "@aztec/noir-contracts.js": "link:../../../../yarn-project/noir-contracts.js"
    "@aztec/stdlib": "link:../../../../yarn-project/stdlib"
    "@aztec/wallets": "link:../../../../yarn-project/wallets"
    tsx: "npm:^4.20.0"
    typescript: "npm:^5.3.3"
  languageName: unknown
  linkType: soft

"@aztec/accounts@link:../../../../yarn-project/accounts::locator=%40aztec-docs%2Faztecjs-connection%40workspace%3A.":
  version: 0.0.0-use.local
  resolution: "@aztec/accounts@link:../../../../yarn-project/accounts::locator=%40aztec-docs%2Faztecjs-connection%40workspace%3A."
  languageName: node
  linkType: soft

"@aztec/aztec.js@link:../../../../yarn-project/aztec.js::locator=%40aztec-docs%2Faztecjs-connection%40workspace%3A.":
  version: 0.0.0-use.local
  resolution: "@aztec/aztec.js@link:../../../../yarn-project/aztec.js::locator=%40aztec-docs%2Faztecjs-connection%40workspace%3A."
  languageName: node
  linkType: soft

"@aztec/ethereum@link:../../../../yarn-project/ethereum::locator=%40aztec-docs%2Faztecjs-connection%40workspace%3A.":
  version: 0.0.0-use.local
  resolution: "@aztec/ethereum@link:../../../../yarn-project/ethereum::locator=%40aztec-docs%2Faztecjs-connection%40workspace%3A."
  languageName: node
  linkType: soft

"@aztec/noir-contracts.js@link:../../../../yarn-project/noir-contracts.js::locator=%40aztec-docs%2Faztecjs-connection%40workspace%3A.":
  version: 0.0.0-use.local
  resolution: "@aztec/noir-contracts.js@link:../../../../yarn-project/noir-contracts.js::locator=%40aztec-docs%2Faztecjs-connection%40workspace%3A."
  languageName: node
  linkType: soft

"@aztec/stdlib@link:../../../../yarn-project/stdlib::locator=%40aztec-docs%2Faztecjs-connection%40workspace%3A.":
  version: 0.0.0-use.local
  resolution: "@aztec/stdlib@link:../../../../yarn-project/stdlib::locator=%40aztec-docs%2Faztecjs-connection%40workspace%3A."
  languageName: node
  linkType: soft

"@aztec/wallets@link:../../../../yarn-project/wallets::locator=%40aztec-docs%2Faztecjs-connection%40workspace%3A.":
  version: 0.0.0-use.local
  resolution: "@aztec/wallets@link:../../../../yarn-project/wallets::locator=%40aztec-docs%2Faztecjs-connection%40workspace%3A."
  languageName: node
  linkType: soft

"@esbuild/aix-ppc64@npm:0.27.7":
  version: 0.27.7
  resolution: "@esbuild/aix-ppc64@npm:0.27.7"
  conditions: os=aix & cpu=ppc64
  languageName: node
  linkType: hard

"@esbuild/android-arm64@npm:0.27.7":
  version: 0.27.7
  resolution: "@esbuild/android-arm64@npm:0.27.7"
  conditions: os=android & cpu=arm64
  languageName: node
  linkType: hard

"@esbuild/android-arm@npm:0.27.7":
  version: 0.27.7
  resolution: "@esbuild/android-arm@npm:0.27.7"
  conditions: os=android & cpu=arm
  languageName: node
  linkType: hard

"@esbuild/android-x64@npm:0.27.7":
  version: 0.27.7
  resolution: "@esbuild/android-x64@npm:0.27.7"
  conditions: os=android & cpu=x64
  languageName: node
  linkType: hard

"@esbuild/darwin-arm64@npm:0.27.7":
  version: 0.27.7
  resolution: "@esbuild/darwin-arm64@npm:0.27.7"
  conditions: os=darwin & cpu=arm64
  languageName: node
  linkType: hard

"@esbuild/darwin-x64@npm:0.27.7":
  version: 0.27.7
  resolution: "@esbuild/darwin-x64@npm:0.27.7"
  conditions: os=darwin & cpu=x64
  languageName: node
  linkType: hard

"@esbuild/freebsd-arm64@npm:0.27.7":
  version: 0.27.7
  resolution: "@esbuild/freebsd-arm64@npm:0.27.7"
  conditions: os=freebsd & cpu=arm64
  languageName: node
  linkType: hard

"@esbuild/freebsd-x64@npm:0.27.7":
  version: 0.27.7
  resolution: "@esbuild/freebsd-x64@npm:0.27.7"
  conditions: os=freebsd & cpu=x64
  languageName: node
  linkType: hard

"@esbuild/linux-arm64@npm:0.27.7":
  version: 0.27.7
  resolution: "@esbuild/linux-arm64@npm:0.27.7"
  conditions: os=linux & cpu=arm64
  languageName: node
  linkType: hard

"@esbuild/linux-arm@npm:0.27.7":
  version: 0.27.7
  resolution: "@esbuild/linux-arm@npm:0.27.7"
  conditions: os=linux & cpu=arm
  languageName: node
  linkType: hard

"@esbuild/linux-ia32@npm:0.27.7":
  version: 0.27.7
  resolution: "@esbuild/linux-ia32@npm:0.27.7"
  conditions: os=linux & cpu=ia32
  languageName: node
  linkType: hard

"@esbuild/linux-loong64@npm:0.27.7":
  version: 0.27.7
  resolution: "@esbuild/linux-loong64@npm:0.27.7"
  conditions: os=linux & cpu=loong64
  languageName: node
  linkType: hard

"@esbuild/linux-mips64el@npm:0.27.7":
  version: 0.27.7
  resolution: "@esbuild/linux-mips64el@npm:0.27.7"
  conditions: os=linux & cpu=mips64el
  languageName: node
  linkType: hard

"@esbuild/linux-ppc64@npm:0.27.7":
  version: 0.27.7
  resolution: "@esbuild/linux-ppc64@npm:0.27.7"
  conditions: os=linux & cpu=ppc64
  languageName: node
  linkType: hard

"@esbuild/linux-riscv64@npm:0.27.7":
  version: 0.27.7
  resolution: "@esbuild/linux-riscv64@npm:0.27.7"
  conditions: os=linux & cpu=riscv64
  languageName: node
  linkType: hard

"@esbuild/linux-s390x@npm:0.27.7":
  version: 0.27.7
  resolution: "@esbuild/linux-s390x@npm:0.27.7"
  conditions: os=linux & cpu=s390x
  languageName: node
  linkType: hard

"@esbuild/linux-x64@npm:0.27.7":
  version: 0.27.7
  resolution: "@esbuild/linux-x64@npm:0.27.7"
  conditions: os=linux & cpu=x64
  languageName: node
  linkType: hard

"@esbuild/netbsd-arm64@npm:0.27.7":
  version: 0.27.7
  resolution: "@esbuild/netbsd-arm64@npm:0.27.7"
  conditions: os=netbsd & cpu=arm64
  languageName: node
  linkType: hard

"@esbuild/netbsd-x64@npm:0.27.7":
  version: 0.27.7
  resolution: "@esbuild/netbsd-x64@npm:0.27.7"
  conditions: os=netbsd & cpu=x64
  languageName: node
  linkType: hard

"@esbuild/openbsd-arm64@npm:0.27.7":
  version: 0.27.7
  resolution: "@esbuild/openbsd-arm64@npm:0.27.7"
  conditions: os=openbsd & cpu=arm64
  languageName: node
  linkType: hard

"@esbuild/openbsd-x64@npm:0.27.7":
  version: 0.27.7
  resolution: "@esbuild/openbsd-x64@npm:0.27.7"
  conditions: os=openbsd & cpu=x64
  languageName: node
  linkType: hard

"@esbuild/openharmony-arm64@npm:0.27.7":
  version: 0.27.7
  resolution: "@esbuild/openharmony-arm64@npm:0.27.7"
  conditions: os=openharmony & cpu=arm64
  languageName: node
  linkType: hard

"@esbuild/sunos-x64@npm:0.27.7":
  version: 0.27.7
  resolution: "@esbuild/sunos-x64@npm:0.27.7"
  conditions: os=sunos & cpu=x64
  languageName: node
  linkType: hard

"@esbuild/win32-arm64@npm:0.27.7":
  version: 0.27.7
  resolution: "@esbuild/win32-arm64@npm:0.27.7"
  conditions: os=win32 & cpu=arm64
  languageName: node
  linkType: hard

"@esbuild/win32-ia32@npm:0.27.7":
  version: 0.27.7
  resolution: "@esbuild/win32-ia32@npm:0.27.7"
  conditions: os=win32 & cpu=ia32
  languageName: node
  linkType: hard

"@esbuild/win32-x64@npm:0.27.7":
  version: 0.27.7
  resolution: "@esbuild/win32-x64@npm:0.27.7"
  conditions: os=win32 & cpu=x64
  languageName: node
  linkType: hard

"@isaacs/fs-minipass@npm:^4.0.0":
  version: 4.0.1
  resolution: "@isaacs/fs-minipass@npm:4.0.1"
  dependencies:
    minipass: "npm:^7.0.4"
  checksum: 10/4412e9e6713c89c1e66d80bb0bb5a2a93192f10477623a27d08f228ba0316bb880affabc5bfe7f838f58a34d26c2c190da726e576cdfc18c49a72e89adabdcf5
  languageName: node
  linkType: hard

"abbrev@npm:^4.0.0":
  version: 4.0.0
  resolution: "abbrev@npm:4.0.0"
  checksum: 10/e2f0c6a6708ad738b3e8f50233f4800de31ad41a6cdc50e0cbe51b76fed69fd0213516d92c15ce1a9985fca71a14606a9be22bf00f8475a58987b9bfb671c582
  languageName: node
  linkType: hard

"chownr@npm:^3.0.0":
  version: 3.0.0
  resolution: "chownr@npm:3.0.0"
  checksum: 10/b63cb1f73d171d140a2ed8154ee6566c8ab775d3196b0e03a2a94b5f6a0ce7777ee5685ca56849403c8d17bd457a6540672f9a60696a6137c7a409097495b82c
  languageName: node
  linkType: hard

"env-paths@npm:^2.2.0":
  version: 2.2.1
  resolution: "env-paths@npm:2.2.1"
  checksum: 10/65b5df55a8bab92229ab2b40dad3b387fad24613263d103a97f91c9fe43ceb21965cd3392b1ccb5d77088021e525c4e0481adb309625d0cb94ade1d1fb8dc17e
  languageName: node
  linkType: hard

"esbuild@npm:~0.27.0":
  version: 0.27.7
  resolution: "esbuild@npm:0.27.7"
  dependencies:
    "@esbuild/aix-ppc64": "npm:0.27.7"
    "@esbuild/android-arm": "npm:0.27.7"
    "@esbuild/android-arm64": "npm:0.27.7"
    "@esbuild/android-x64": "npm:0.27.7"
    "@esbuild/darwin-arm64": "npm:0.27.7"
    "@esbuild/darwin-x64": "npm:0.27.7"
    "@esbuild/freebsd-arm64": "npm:0.27.7"
    "@esbuild/freebsd-x64": "npm:0.27.7"
    "@esbuild/linux-arm": "npm:0.27.7"
    "@esbuild/linux-arm64": "npm:0.27.7"
    "@esbuild/linux-ia32": "npm:0.27.7"
    "@esbuild/linux-loong64": "npm:0.27.7"
    "@esbuild/linux-mips64el": "npm:0.27.7"
    "@esbuild/linux-ppc64": "npm:0.27.7"
    "@esbuild/linux-riscv64": "npm:0.27.7"
    "@esbuild/linux-s390x": "npm:0.27.7"
    "@esbuild/linux-x64": "npm:0.27.7"
    "@esbuild/netbsd-arm64": "npm:0.27.7"
    "@esbuild/netbsd-x64": "npm:0.27.7"
    "@esbuild/openbsd-arm64": "npm:0.27.7"
    "@esbuild/openbsd-x64": "npm:0.27.7"
    "@esbuild/openharmony-arm64": "npm:0.27.7"
    "@esbuild/sunos-x64": "npm:0.27.7"
    "@esbuild/win32-arm64": "npm:0.27.7"
    "@esbuild/win32-ia32": "npm:0.27.7"
    "@esbuild/win32-x64": "npm:0.27.7"
  dependenciesMeta:
    "@esbuild/aix-ppc64":
      optional: true
    "@esbuild/android-arm":
      optional: true
    "@esbuild/android-arm64":
      optional: true
    "@esbuild/android-x64":
      optional: true
    "@esbuild/darwin-arm64":
      optional: true
    "@esbuild/darwin-x64":
      optional: true
    "@esbuild/freebsd-arm64":
      optional: true
    "@esbuild/freebsd-x64":
      optional: true
    "@esbuild/linux-arm":
      optional: true
    "@esbuild/linux-arm64":
      optional: true
    "@esbuild/linux-ia32":
      optional: true
    "@esbuild/linux-loong64":
      optional: true
    "@esbuild/linux-mips64el":
      optional: true
    "@esbuild/linux-ppc64":
      optional: true
    "@esbuild/linux-riscv64":
      optional: true
    "@esbuild/linux-s390x":
      optional: true
    "@esbuild/linux-x64":
      optional: true
    "@esbuild/netbsd-arm64":
      optional: true
    "@esbuild/netbsd-x64":
      optional: true
    "@esbuild/openbsd-arm64":
      optional: true
    "@esbuild/openbsd-x64":
      optional: true
    "@esbuild/openharmony-arm64":
      optional: true
    "@esbuild/sunos-x64":
      optional: true
    "@esbuild/win32-arm64":
      optional: true
    "@esbuild/win32-ia32":
      optional: true
    "@esbuild/win32-x64":
      optional: true
  bin:
    esbuild: bin/esbuild
  checksum: 10/262b16c4a33cb70e9f054759a7ce420541649315eef7b064172c795021ccce322e56c3f5fd52e8842873f1c23745f3ab62311a24860950bd5406ba77b36b8529
  languageName: node
  linkType: hard

"exponential-backoff@npm:^3.1.1":
  version: 3.1.3
  resolution: "exponential-backoff@npm:3.1.3"
  checksum: 10/ca25962b4bbab943b7c4ed0b5228e263833a5063c65e1cdeac4be9afad350aae5466e8e619b5051f4f8d37b2144a2d6e8fcc771b6cc82934f7dade2f964f652c
  languageName: node
  linkType: hard

"fdir@npm:^6.5.0":
  version: 6.5.0
  resolution: "fdir@npm:6.5.0"
  peerDependencies:
    picomatch: ^3 || ^4
  peerDependenciesMeta:
    picomatch:
      optional: true
  checksum: 10/14ca1c9f0a0e8f4f2e9bf4e8551065a164a09545dae548c12a18d238b72e51e5a7b39bd8e5494b56463a0877672d0a6c1ef62c6fa0677db1b0c847773be939b1
  languageName: node
  linkType: hard

"fsevents@npm:~2.3.3":
  version: 2.3.3
  resolution: "fsevents@npm:2.3.3"
  dependencies:
    node-gyp: "npm:latest"
  checksum: 10/4c1ade961ded57cdbfbb5cac5106ec17bc8bccd62e16343c569a0ceeca83b9dfef87550b4dc5cbb89642da412b20c5071f304c8c464b80415446e8e155a038c0
  conditions: os=darwin
  languageName: node
  linkType: hard

"fsevents@patch:fsevents@npm%3A~2.3.3#optional!builtin<compat/fsevents>":
  version: 2.3.3
  resolution: "fsevents@patch:fsevents@npm%3A2.3.3#optional!builtin<compat/fsevents>::version=2.3.3&hash=df0bf1"
  dependencies:
    node-gyp: "npm:latest"
  conditions: os=darwin
  languageName: node
  linkType: hard

"get-tsconfig@npm:^4.7.5":
  version: 4.14.0
  resolution: "get-tsconfig@npm:4.14.0"
  dependencies:
    resolve-pkg-maps: "npm:^1.0.0"
  checksum: 10/f5626971905ca386c9ddeb302504e8a2301b9c05641803267223ebd50b7c81aaf9324d29cf9f4e4ff3f245632c3392aa83719dc6cb3e98b4e4a1702a27c5cc5d
  languageName: node
  linkType: hard

"graceful-fs@npm:^4.2.6":
  version: 4.2.11
  resolution: "graceful-fs@npm:4.2.11"
  checksum: 10/bf152d0ed1dc159239db1ba1f74fdbc40cb02f626770dcd5815c427ce0688c2635a06ed69af364396da4636d0408fcf7d4afdf7881724c3307e46aff30ca49e2
  languageName: node
  linkType: hard

"isexe@npm:^4.0.0":
  version: 4.0.0
  resolution: "isexe@npm:4.0.0"
  checksum: 10/2ead327ef596042ef9c9ec5f236b316acfaedb87f4bb61b3c3d574fb2e9c8a04b67305e04733bde52c24d9622fdebd3270aadb632adfbf9cadef88fe30f479e5
  languageName: node
  linkType: hard

"minipass@npm:^7.0.4, minipass@npm:^7.1.2":
  version: 7.1.3
  resolution: "minipass@npm:7.1.3"
  checksum: 10/175e4d5e20980c3cd316ae82d2c031c42f6c746467d8b1905b51060a0ba4461441a0c25bb67c025fd9617f9a3873e152c7b543c6b5ac83a1846be8ade80dffd6
  languageName: node
  linkType: hard

"minizlib@npm:^3.1.0":
  version: 3.1.0
  resolution: "minizlib@npm:3.1.0"
  dependencies:
    minipass: "npm:^7.1.2"
  checksum: 10/f47365cc2cb7f078cbe7e046eb52655e2e7e97f8c0a9a674f4da60d94fb0624edfcec9b5db32e8ba5a99a5f036f595680ae6fe02a262beaa73026e505cc52f99
  languageName: node
  linkType: hard

"node-gyp@npm:latest":
  version: 12.3.0
  resolution: "node-gyp@npm:12.3.0"
  dependencies:
    env-paths: "npm:^2.2.0"
    exponential-backoff: "npm:^3.1.1"
    graceful-fs: "npm:^4.2.6"
    nopt: "npm:^9.0.0"
    proc-log: "npm:^6.0.0"
    semver: "npm:^7.3.5"
    tar: "npm:^7.5.4"
    tinyglobby: "npm:^0.2.12"
    undici: "npm:^6.25.0"
    which: "npm:^6.0.0"
  bin:
    node-gyp: bin/node-gyp.js
  checksum: 10/cd97bf17f0f3e6288c42cc23a6db8528a98e7530abdb72ab558272906d603362e4558069f99f8a5250bc78f65ff305b1438caca4f1b31c81904a8798c242603e
  languageName: node
  linkType: hard

"nopt@npm:^9.0.0":
  version: 9.0.0
  resolution: "nopt@npm:9.0.0"
  dependencies:
    abbrev: "npm:^4.0.0"
  bin:
    nopt: bin/nopt.js
  checksum: 10/56a1ccd2ad711fb5115918e2c96828703cddbe12ba2c3bd00591758f6fa30e6f47dd905c59dbfcf9b773f3a293b45996609fb6789ae29d6bfcc3cf3a6f7d9fda
  languageName: node
  linkType: hard

"picomatch@npm:^4.0.4":
  version: 4.0.4
  resolution: "picomatch@npm:4.0.4"
  checksum: 10/f6ef80a3590827ce20378ae110ac78209cc4f74d39236370f1780f957b7ee41c12acde0e4651b90f39983506fd2f5e449994716f516db2e9752924aff8de93ce
  languageName: node
  linkType: hard

"proc-log@npm:^6.0.0":
  version: 6.1.0
  resolution: "proc-log@npm:6.1.0"
  checksum: 10/9033f30f168ed5a0991b773d0c50ff88384c4738e9a0a67d341de36bf7293771eed648ab6a0562f62276da12fde91f3bbfc75ffff6e71ad49aafd74fc646be66
  languageName: node
  linkType: hard

"resolve-pkg-maps@npm:^1.0.0":
  version: 1.0.0
  resolution: "resolve-pkg-maps@npm:1.0.0"
  checksum: 10/0763150adf303040c304009231314d1e84c6e5ebfa2d82b7d94e96a6e82bacd1dcc0b58ae257315f3c8adb89a91d8d0f12928241cba2df1680fbe6f60bf99b0e
  languageName: node
  linkType: hard

"semver@npm:^7.3.5":
  version: 7.7.4
  resolution: "semver@npm:7.7.4"
  bin:
    semver: bin/semver.js
  checksum: 10/26bdc6d58b29528f4142d29afb8526bc335f4fc04c4a10f2b98b217f277a031c66736bf82d3d3bb354a2f6a3ae50f18fd62b053c4ac3f294a3d10a61f5075b75
  languageName: node
  linkType: hard

"tar@npm:^7.5.4":
  version: 7.5.13
  resolution: "tar@npm:7.5.13"
  dependencies:
    "@isaacs/fs-minipass": "npm:^4.0.0"
    chownr: "npm:^3.0.0"
    minipass: "npm:^7.1.2"
    minizlib: "npm:^3.1.0"
    yallist: "npm:^5.0.0"
  checksum: 10/2bc2b6f0349038a6621dbba1c4522d45752d5071b2994692257113c2050cd23fafc30308f820e5f8ad6fda3f7d7f92adc9a432aa733daa04c42af2061c021c3f
  languageName: node
  linkType: hard

"tinyglobby@npm:^0.2.12":
  version: 0.2.16
  resolution: "tinyglobby@npm:0.2.16"
  dependencies:
    fdir: "npm:^6.5.0"
    picomatch: "npm:^4.0.4"
  checksum: 10/5c2c41b572ada38449e7c86a5fe034f204a1dbba577225a761a14f29f48dc3f2fc0d81a6c56fcc67c5a742cc3aa9fb5e2ca18dbf22b610b0bc0e549b34d5a0f8
  languageName: node
  linkType: hard

"tsx@npm:^4.20.0":
  version: 4.21.0
  resolution: "tsx@npm:4.21.0"
  dependencies:
    esbuild: "npm:~0.27.0"
    fsevents: "npm:~2.3.3"
    get-tsconfig: "npm:^4.7.5"
  dependenciesMeta:
    fsevents:
      optional: true
  bin:
    tsx: dist/cli.mjs
  checksum: 10/7afedeff855ba98c47dc28b33d7e8e253c4dc1f791938db402d79c174bdf806b897c1a5f91e5b1259c112520c816f826b4c5d98f0bad7e95b02dec66fedb64d2
  languageName: node
  linkType: hard

"typescript@npm:^5.3.3":
  version: 5.9.3
  resolution: "typescript@npm:5.9.3"
  bin:
    tsc: bin/tsc
    tsserver: bin/tsserver
  checksum: 10/c089d9d3da2729fd4ac517f9b0e0485914c4b3c26f80dc0cffcb5de1719a17951e92425d55db59515c1a7ddab65808466debb864d0d56dcf43f27007d0709594
  languageName: node
  linkType: hard

"typescript@patch:typescript@npm%3A^5.3.3#optional!builtin<compat/typescript>":
  version: 5.9.3
  resolution: "typescript@patch:typescript@npm%3A5.9.3#optional!builtin<compat/typescript>::version=5.9.3&hash=5786d5"
  bin:
    tsc: bin/tsc
    tsserver: bin/tsserver
  checksum: 10/696e1b017bc2635f4e0c94eb4435357701008e2f272f553d06e35b494b8ddc60aa221145e286c28ace0c89ee32827a28c2040e3a69bdc108b1a5dc8fb40b72e3
  languageName: node
  linkType: hard

"undici@npm:^6.25.0":
  version: 6.25.0
  resolution: "undici@npm:6.25.0"
  checksum: 10/a475e45da3e1d1073283bb70531666f09a432eabff2b857bd7063d469a1ee1486192ff61dc0dadbb526673ce1120fee14d66a59b6b17d1e0bd3a4d5f0a52d0a6
  languageName: node
  linkType: hard

"which@npm:^6.0.0":
  version: 6.0.1
  resolution: "which@npm:6.0.1"
  dependencies:
    isexe: "npm:^4.0.0"
  bin:
    node-which: bin/which.js
  checksum: 10/dbea77c7d3058bf6c78bf9659d2dce4d2b57d39a15b826b2af6ac2e5a219b99dc8a831b79fdbc453c0598adb4f3f84cf9c2491fd52beb9f5d2dececcad117f68
  languageName: node
  linkType: hard

"yallist@npm:^5.0.0":
  version: 5.0.0
  resolution: "yallist@npm:5.0.0"
  checksum: 10/1884d272d485845ad04759a255c71775db0fac56308764b4c77ea56a20d56679fad340213054c8c9c9c26fcfd4c4b2a90df993b7e0aaf3cdb73c618d1d1a802a
  languageName: node
  linkType: hard
