# This file is generated by running "yarn install" inside your project.
# Manual changes might be lost - proceed with caution!

__metadata:
  version: 8
  cacheKey: 10c0

"@aztec-foundation/ipc-runtime@portal:../../ipc-runtime/ts::locator=%40aztec-foundation%2Fwsdb-packages%40workspace%3A.":
  version: 0.0.0-use.local
  resolution: "@aztec-foundation/ipc-runtime@portal:../../ipc-runtime/ts::locator=%40aztec-foundation%2Fwsdb-packages%40workspace%3A."
  languageName: node
  linkType: soft

"@aztec-foundation/wsdb-darwin-arm64@npm:0.1.0, @aztec-foundation/wsdb-darwin-arm64@workspace:ts/packages/wsdb-darwin-arm64":
  version: 0.0.0-use.local
  resolution: "@aztec-foundation/wsdb-darwin-arm64@workspace:ts/packages/wsdb-darwin-arm64"
  languageName: unknown
  linkType: soft

"@aztec-foundation/wsdb-darwin-x64@npm:0.1.0, @aztec-foundation/wsdb-darwin-x64@workspace:ts/packages/wsdb-darwin-x64":
  version: 0.0.0-use.local
  resolution: "@aztec-foundation/wsdb-darwin-x64@workspace:ts/packages/wsdb-darwin-x64"
  languageName: unknown
  linkType: soft

"@aztec-foundation/wsdb-linux-arm64@npm:0.1.0, @aztec-foundation/wsdb-linux-arm64@workspace:ts/packages/wsdb-linux-arm64":
  version: 0.0.0-use.local
  resolution: "@aztec-foundation/wsdb-linux-arm64@workspace:ts/packages/wsdb-linux-arm64"
  languageName: unknown
  linkType: soft

"@aztec-foundation/wsdb-linux-x64@npm:0.1.0, @aztec-foundation/wsdb-linux-x64@workspace:ts/packages/wsdb-linux-x64":
  version: 0.0.0-use.local
  resolution: "@aztec-foundation/wsdb-linux-x64@workspace:ts/packages/wsdb-linux-x64"
  languageName: unknown
  linkType: soft

"@aztec-foundation/wsdb-packages@workspace:.":
  version: 0.0.0-use.local
  resolution: "@aztec-foundation/wsdb-packages@workspace:."
  languageName: unknown
  linkType: soft

"@aztec-foundation/wsdb@workspace:ts":
  version: 0.0.0-use.local
  resolution: "@aztec-foundation/wsdb@workspace:ts"
  dependencies:
    "@aztec-foundation/ipc-runtime": "@aztec-foundation/ipc-runtime"
    "@aztec-foundation/wsdb-darwin-arm64": "npm:0.1.0"
    "@aztec-foundation/wsdb-darwin-x64": "npm:0.1.0"
    "@aztec-foundation/wsdb-linux-arm64": "npm:0.1.0"
    "@aztec-foundation/wsdb-linux-x64": "npm:0.1.0"
    "@types/node": "npm:^22.15.17"
    msgpackr: "npm:^1.11.2"
    tslib: "npm:^2.4.0"
    typescript: "npm:^5.3.3"
  dependenciesMeta:
    "@aztec-foundation/wsdb-darwin-arm64":
      optional: true
    "@aztec-foundation/wsdb-darwin-x64":
      optional: true
    "@aztec-foundation/wsdb-linux-arm64":
      optional: true
    "@aztec-foundation/wsdb-linux-x64":
      optional: true
  bin:
    aztec-wsdb: ./dest/bin.js
  languageName: unknown
  linkType: soft

"@isaacs/fs-minipass@npm:^4.0.0":
  version: 4.0.1
  resolution: "@isaacs/fs-minipass@npm:4.0.1"
  dependencies:
    minipass: "npm:^7.0.4"
  checksum: 10c0/c25b6dc1598790d5b55c0947a9b7d111cfa92594db5296c3b907e2f533c033666f692a3939eadac17b1c7c40d362d0b0635dc874cbfe3e70db7c2b07cc97a5d2
  languageName: node
  linkType: hard

"@msgpackr-extract/msgpackr-extract-darwin-arm64@npm:3.0.4":
  version: 3.0.4
  resolution: "@msgpackr-extract/msgpackr-extract-darwin-arm64@npm:3.0.4"
  conditions: os=darwin & cpu=arm64
  languageName: node
  linkType: hard

"@msgpackr-extract/msgpackr-extract-darwin-x64@npm:3.0.4":
  version: 3.0.4
  resolution: "@msgpackr-extract/msgpackr-extract-darwin-x64@npm:3.0.4"
  conditions: os=darwin & cpu=x64
  languageName: node
  linkType: hard

"@msgpackr-extract/msgpackr-extract-linux-arm64@npm:3.0.4":
  version: 3.0.4
  resolution: "@msgpackr-extract/msgpackr-extract-linux-arm64@npm:3.0.4"
  conditions: os=linux & cpu=arm64
  languageName: node
  linkType: hard

"@msgpackr-extract/msgpackr-extract-linux-arm@npm:3.0.4":
  version: 3.0.4
  resolution: "@msgpackr-extract/msgpackr-extract-linux-arm@npm:3.0.4"
  conditions: os=linux & cpu=arm
  languageName: node
  linkType: hard

"@msgpackr-extract/msgpackr-extract-linux-x64@npm:3.0.4":
  version: 3.0.4
  resolution: "@msgpackr-extract/msgpackr-extract-linux-x64@npm:3.0.4"
  conditions: os=linux & cpu=x64
  languageName: node
  linkType: hard

"@msgpackr-extract/msgpackr-extract-win32-x64@npm:3.0.4":
  version: 3.0.4
  resolution: "@msgpackr-extract/msgpackr-extract-win32-x64@npm:3.0.4"
  conditions: os=win32 & cpu=x64
  languageName: node
  linkType: hard

"@types/node@npm:^22.15.17":
  version: 22.19.20
  resolution: "@types/node@npm:22.19.20"
  dependencies:
    undici-types: "npm:~6.21.0"
  checksum: 10c0/933d4466f1a498dd7c8e173af7265a53e9d410cab4a827ccc348414d5065a9a40ba7a7c994a71b3ee651188111db3b43573b830dc30a61a7489f3e6efc537bf7
  languageName: node
  linkType: hard

"abbrev@npm:^4.0.0":
  version: 4.0.0
  resolution: "abbrev@npm:4.0.0"
  checksum: 10c0/b4cc16935235e80702fc90192e349e32f8ef0ed151ef506aa78c81a7c455ec18375c4125414b99f84b2e055199d66383e787675f0bcd87da7a4dbd59f9eac1d5
  languageName: node
  linkType: hard

"chownr@npm:^3.0.0":
  version: 3.0.0
  resolution: "chownr@npm:3.0.0"
  checksum: 10c0/43925b87700f7e3893296c8e9c56cc58f926411cce3a6e5898136daaf08f08b9a8eb76d37d3267e707d0dcc17aed2e2ebdf5848c0c3ce95cf910a919935c1b10
  languageName: node
  linkType: hard

"detect-libc@npm:^2.0.1":
  version: 2.1.2
  resolution: "detect-libc@npm:2.1.2"
  checksum: 10c0/acc675c29a5649fa1fb6e255f993b8ee829e510b6b56b0910666949c80c364738833417d0edb5f90e4e46be17228b0f2b66a010513984e18b15deeeac49369c4
  languageName: node
  linkType: hard

"env-paths@npm:^2.2.0":
  version: 2.2.1
  resolution: "env-paths@npm:2.2.1"
  checksum: 10c0/285325677bf00e30845e330eec32894f5105529db97496ee3f598478e50f008c5352a41a30e5e72ec9de8a542b5a570b85699cd63bd2bc646dbcb9f311d83bc4
  languageName: node
  linkType: hard

"exponential-backoff@npm:^3.1.1":
  version: 3.1.3
  resolution: "exponential-backoff@npm:3.1.3"
  checksum: 10c0/77e3ae682b7b1f4972f563c6dbcd2b0d54ac679e62d5d32f3e5085feba20483cf28bd505543f520e287a56d4d55a28d7874299941faf637e779a1aa5994d1267
  languageName: node
  linkType: hard

"fdir@npm:^6.5.0":
  version: 6.5.0
  resolution: "fdir@npm:6.5.0"
  peerDependencies:
    picomatch: ^3 || ^4
  peerDependenciesMeta:
    picomatch:
      optional: true
  checksum: 10c0/e345083c4306b3aed6cb8ec551e26c36bab5c511e99ea4576a16750ddc8d3240e63826cc624f5ae17ad4dc82e68a253213b60d556c11bfad064b7607847ed07f
  languageName: node
  linkType: hard

"graceful-fs@npm:^4.2.6":
  version: 4.2.11
  resolution: "graceful-fs@npm:4.2.11"
  checksum: 10c0/386d011a553e02bc594ac2ca0bd6d9e4c22d7fa8cfbfc448a6d148c59ea881b092db9dbe3547ae4b88e55f1b01f7c4a2ecc53b310c042793e63aa44cf6c257f2
  languageName: node
  linkType: hard

"isexe@npm:^4.0.0":
  version: 4.0.0
  resolution: "isexe@npm:4.0.0"
  checksum: 10c0/5884815115bceac452877659a9c7726382531592f43dc29e5d48b7c4100661aed54018cb90bd36cb2eaeba521092570769167acbb95c18d39afdccbcca06c5ce
  languageName: node
  linkType: hard

"minipass@npm:^7.0.4, minipass@npm:^7.1.2":
  version: 7.1.3
  resolution: "minipass@npm:7.1.3"
  checksum: 10c0/539da88daca16533211ea5a9ee98dc62ff5742f531f54640dd34429e621955e91cc280a91a776026264b7f9f6735947629f920944e9c1558369e8bf22eb33fbb
  languageName: node
  linkType: hard

"minizlib@npm:^3.1.0":
  version: 3.1.0
  resolution: "minizlib@npm:3.1.0"
  dependencies:
    minipass: "npm:^7.1.2"
  checksum: 10c0/5aad75ab0090b8266069c9aabe582c021ae53eb33c6c691054a13a45db3b4f91a7fb1bd79151e6b4e9e9a86727b522527c0a06ec7d45206b745d54cd3097bcec
  languageName: node
  linkType: hard

"msgpackr-extract@npm:^3.0.2":
  version: 3.0.4
  resolution: "msgpackr-extract@npm:3.0.4"
  dependencies:
    "@msgpackr-extract/msgpackr-extract-darwin-arm64": "npm:3.0.4"
    "@msgpackr-extract/msgpackr-extract-darwin-x64": "npm:3.0.4"
    "@msgpackr-extract/msgpackr-extract-linux-arm": "npm:3.0.4"
    "@msgpackr-extract/msgpackr-extract-linux-arm64": "npm:3.0.4"
    "@msgpackr-extract/msgpackr-extract-linux-x64": "npm:3.0.4"
    "@msgpackr-extract/msgpackr-extract-win32-x64": "npm:3.0.4"
    node-gyp: "npm:latest"
    node-gyp-build-optional-packages: "npm:5.2.2"
  dependenciesMeta:
    "@msgpackr-extract/msgpackr-extract-darwin-arm64":
      optional: true
    "@msgpackr-extract/msgpackr-extract-darwin-x64":
      optional: true
    "@msgpackr-extract/msgpackr-extract-linux-arm":
      optional: true
    "@msgpackr-extract/msgpackr-extract-linux-arm64":
      optional: true
    "@msgpackr-extract/msgpackr-extract-linux-x64":
      optional: true
    "@msgpackr-extract/msgpackr-extract-win32-x64":
      optional: true
  bin:
    download-msgpackr-prebuilds: bin/download-prebuilds.js
  checksum: 10c0/582a9d17abbf3019e600e948736695056280ce401fd0235ee2474e95f9952208b9f6cce4d0e355b03b7d3c5630e6c3d11fe5fc27fdedb2311cce48de464338d8
  languageName: node
  linkType: hard

"msgpackr@npm:^1.11.2":
  version: 1.11.13
  resolution: "msgpackr@npm:1.11.13"
  dependencies:
    msgpackr-extract: "npm:^3.0.2"
  dependenciesMeta:
    msgpackr-extract:
      optional: true
  checksum: 10c0/0efcf35235494763882e44579a5e6bb94fae964d9fdc226934a6259a52cbb6136137f32290415885eb7728ffb4a70841e0fde36592d5117fb6cff9d010d49bf1
  languageName: node
  linkType: hard

"node-gyp-build-optional-packages@npm:5.2.2":
  version: 5.2.2
  resolution: "node-gyp-build-optional-packages@npm:5.2.2"
  dependencies:
    detect-libc: "npm:^2.0.1"
  bin:
    node-gyp-build-optional-packages: bin.js
    node-gyp-build-optional-packages-optional: optional.js
    node-gyp-build-optional-packages-test: build-test.js
  checksum: 10c0/c81128c6f91873381be178c5eddcbdf66a148a6a89a427ce2bcd457593ce69baf2a8662b6d22cac092d24aa9c43c230dec4e69b3a0da604503f4777cd77e282b
  languageName: node
  linkType: hard

"node-gyp@npm:latest":
  version: 12.4.0
  resolution: "node-gyp@npm:12.4.0"
  dependencies:
    env-paths: "npm:^2.2.0"
    exponential-backoff: "npm:^3.1.1"
    graceful-fs: "npm:^4.2.6"
    nopt: "npm:^9.0.0"
    proc-log: "npm:^6.0.0"
    semver: "npm:^7.3.5"
    tar: "npm:^7.5.4"
    tinyglobby: "npm:^0.2.12"
    undici: "npm:^6.25.0"
    which: "npm:^6.0.0"
  bin:
    node-gyp: bin/node-gyp.js
  checksum: 10c0/9acb7c798e124275a6f9c1f7eb64b5abd6196bb885a3945fb44ee0dccf435514e88cdfb0f228ee7ff76ef25107c1f39ff37a067bf92fd00b9aff9234db29ff9e
  languageName: node
  linkType: hard

"nopt@npm:^9.0.0":
  version: 9.0.0
  resolution: "nopt@npm:9.0.0"
  dependencies:
    abbrev: "npm:^4.0.0"
  bin:
    nopt: bin/nopt.js
  checksum: 10c0/1822eb6f9b020ef6f7a7516d7b64a8036e09666ea55ac40416c36e4b2b343122c3cff0e2f085675f53de1d2db99a2a89a60ccea1d120bcd6a5347bf6ceb4a7fd
  languageName: node
  linkType: hard

"picomatch@npm:^4.0.4":
  version: 4.0.4
  resolution: "picomatch@npm:4.0.4"
  checksum: 10c0/e2c6023372cc7b5764719a5ffb9da0f8e781212fa7ca4bd0562db929df8e117460f00dff3cb7509dacfc06b86de924b247f504d0ce1806a37fac4633081466b0
  languageName: node
  linkType: hard

"proc-log@npm:^6.0.0":
  version: 6.1.0
  resolution: "proc-log@npm:6.1.0"
  checksum: 10c0/4f178d4062733ead9d71a9b1ab24ebcecdfe2250916a5b1555f04fe2eda972a0ec76fbaa8df1ad9c02707add6749219d118a4fc46dc56bdfe4dde4b47d80bb82
  languageName: node
  linkType: hard

"semver@npm:^7.3.5":
  version: 7.8.2
  resolution: "semver@npm:7.8.2"
  bin:
    semver: bin/semver.js
  checksum: 10c0/8e8c193fa75b938e5b3ccf6707c6447e4b34f73e493e72b03f3185393489f45e049144052f624217c346d6c6e0a301dda8eeab2f14413e337218ecb1cbd2de16
  languageName: node
  linkType: hard

"tar@npm:^7.5.4":
  version: 7.5.16
  resolution: "tar@npm:7.5.16"
  dependencies:
    "@isaacs/fs-minipass": "npm:^4.0.0"
    chownr: "npm:^3.0.0"
    minipass: "npm:^7.1.2"
    minizlib: "npm:^3.1.0"
    yallist: "npm:^5.0.0"
  checksum: 10c0/4f37f3c4bd2ca2755fd736a5df1d573c1a868ec1b1e893346aeafa95ac510f9e2fd1469420bd866cc7904799e5bd4ac62b5d4f03fe27747d6e1e373b44505c5c
  languageName: node
  linkType: hard

"tinyglobby@npm:^0.2.12":
  version: 0.2.17
  resolution: "tinyglobby@npm:0.2.17"
  dependencies:
    fdir: "npm:^6.5.0"
    picomatch: "npm:^4.0.4"
  checksum: 10c0/7f7bb0f197c88bc4b20c231e0deca4240ca3bf313a88f5a7fee93a872b84966a4d50220947c0455ad07a60b3b360961c5b7fd979222aeb716a9f99b412002e4c
  languageName: node
  linkType: hard

"tslib@npm:^2.4.0":
  version: 2.8.1
  resolution: "tslib@npm:2.8.1"
  checksum: 10c0/9c4759110a19c53f992d9aae23aac5ced636e99887b51b9e61def52611732872ff7668757d4e4c61f19691e36f4da981cd9485e869b4a7408d689f6bf1f14e62
  languageName: node
  linkType: hard

"typescript@npm:^5.3.3":
  version: 5.9.3
  resolution: "typescript@npm:5.9.3"
  bin:
    tsc: bin/tsc
    tsserver: bin/tsserver
  checksum: 10c0/6bd7552ce39f97e711db5aa048f6f9995b53f1c52f7d8667c1abdc1700c68a76a308f579cd309ce6b53646deb4e9a1be7c813a93baaf0a28ccd536a30270e1c5
  languageName: node
  linkType: hard

"typescript@patch:typescript@npm%3A^5.3.3#optional!builtin<compat/typescript>":
  version: 5.9.3
  resolution: "typescript@patch:typescript@npm%3A5.9.3#optional!builtin<compat/typescript>::version=5.9.3&hash=5786d5"
  bin:
    tsc: bin/tsc
    tsserver: bin/tsserver
  checksum: 10c0/ad09fdf7a756814dce65bc60c1657b40d44451346858eea230e10f2e95a289d9183b6e32e5c11e95acc0ccc214b4f36289dcad4bf1886b0adb84d711d336a430
  languageName: node
  linkType: hard

"undici-types@npm:~6.21.0":
  version: 6.21.0
  resolution: "undici-types@npm:6.21.0"
  checksum: 10c0/c01ed51829b10aa72fc3ce64b747f8e74ae9b60eafa19a7b46ef624403508a54c526ffab06a14a26b3120d055e1104d7abe7c9017e83ced038ea5cf52f8d5e04
  languageName: node
  linkType: hard

"undici@npm:^6.25.0":
  version: 6.26.0
  resolution: "undici@npm:6.26.0"
  checksum: 10c0/cf2b4caf58c33d6582970991290cc7a6486d6e738845f25dcdd16952d708ec844815c6d30362919764fcaf30f719891289341f1ada496f003ce2700310453a47
  languageName: node
  linkType: hard

"which@npm:^6.0.0":
  version: 6.0.1
  resolution: "which@npm:6.0.1"
  dependencies:
    isexe: "npm:^4.0.0"
  bin:
    node-which: bin/which.js
  checksum: 10c0/7e710e54ea36d2d6183bee2f9caa27a3b47b9baf8dee55a199b736fcf85eab3b9df7556fca3d02b50af7f3dfba5ea3a45644189836df06267df457e354da66d5
  languageName: node
  linkType: hard

"yallist@npm:^5.0.0":
  version: 5.0.0
  resolution: "yallist@npm:5.0.0"
  checksum: 10c0/a499c81ce6d4a1d260d4ea0f6d49ab4da09681e32c3f0472dee16667ed69d01dae63a3b81745a24bd78476ec4fcf856114cb4896ace738e01da34b2c42235416
  languageName: node
  linkType: hard
