# This file is generated by running "yarn install" inside your project.
# Manual changes might be lost - proceed with caution!

__metadata:
  version: 8
  cacheKey: 10c0

"@adraffy/ens-normalize@npm:^1.11.0":
  version: 1.11.0
  resolution: "@adraffy/ens-normalize@npm:1.11.0"
  checksum: 10c0/5111d0f1a273468cb5661ed3cf46ee58de8f32f84e2ebc2365652e66c1ead82649df94c736804e2b9cfa831d30ef24e1cc3575d970dbda583416d3a98d8870a6
  languageName: node
  linkType: hard

"@noble/ciphers@npm:^1.3.0":
  version: 1.3.0
  resolution: "@noble/ciphers@npm:1.3.0"
  checksum: 10c0/3ba6da645ce45e2f35e3b2e5c87ceba86b21dfa62b9466ede9edfb397f8116dae284f06652c0cd81d99445a2262b606632e868103d54ecc99fd946ae1af8cd37
  languageName: node
  linkType: hard

"@noble/curves@npm:1.9.2, @noble/curves@npm:^1.9.1, @noble/curves@npm:~1.9.0":
  version: 1.9.2
  resolution: "@noble/curves@npm:1.9.2"
  dependencies:
    "@noble/hashes": "npm:1.8.0"
  checksum: 10c0/21d049ae4558beedbf5da0004407b72db84360fa29d64822d82dc9e80251e1ecb46023590cc4b20e70eed697d1b87279b4911dc39f8694c51c874289cfc8e9a7
  languageName: node
  linkType: hard

"@noble/hashes@npm:1.8.0, @noble/hashes@npm:^1.8.0, @noble/hashes@npm:~1.8.0":
  version: 1.8.0
  resolution: "@noble/hashes@npm:1.8.0"
  checksum: 10c0/06a0b52c81a6fa7f04d67762e08b2c476a00285858150caeaaff4037356dd5e119f45b2a530f638b77a5eeca013168ec1b655db41bae3236cb2e9d511484fc77
  languageName: node
  linkType: hard

"@opentelemetry/api@npm:^1.4.0":
  version: 1.9.0
  resolution: "@opentelemetry/api@npm:1.9.0"
  checksum: 10c0/9aae2fe6e8a3a3eeb6c1fdef78e1939cf05a0f37f8a4fae4d6bf2e09eb1e06f966ece85805626e01ba5fab48072b94f19b835449e58b6d26720ee19a58298add
  languageName: node
  linkType: hard

"@scure/base@npm:~1.2.5":
  version: 1.2.6
  resolution: "@scure/base@npm:1.2.6"
  checksum: 10c0/49bd5293371c4e062cb6ba689c8fe3ea3981b7bb9c000400dc4eafa29f56814cdcdd27c04311c2fec34de26bc373c593a1d6ca6d754398a488d587943b7c128a
  languageName: node
  linkType: hard

"@scure/bip32@npm:1.7.0, @scure/bip32@npm:^1.7.0":
  version: 1.7.0
  resolution: "@scure/bip32@npm:1.7.0"
  dependencies:
    "@noble/curves": "npm:~1.9.0"
    "@noble/hashes": "npm:~1.8.0"
    "@scure/base": "npm:~1.2.5"
  checksum: 10c0/e3d4c1f207df16abcd79babcdb74d36f89bdafc90bf02218a5140cc5cba25821d80d42957c6705f35210cc5769714ea9501d4ae34732cdd1c26c9ff182a219f7
  languageName: node
  linkType: hard

"@scure/bip39@npm:1.6.0, @scure/bip39@npm:^1.6.0":
  version: 1.6.0
  resolution: "@scure/bip39@npm:1.6.0"
  dependencies:
    "@noble/hashes": "npm:~1.8.0"
    "@scure/base": "npm:~1.2.5"
  checksum: 10c0/73a54b5566a50a3f8348a5cfd74d2092efeefc485efbed83d7a7374ffd9a75defddf446e8e5ea0385e4adb49a94b8ae83c5bad3e16333af400e932f7da3aaff8
  languageName: node
  linkType: hard

"@types/body-parser@npm:*":
  version: 1.19.6
  resolution: "@types/body-parser@npm:1.19.6"
  dependencies:
    "@types/connect": "npm:*"
    "@types/node": "npm:*"
  checksum: 10c0/542da05c924dce58ee23f50a8b981fee36921850c82222e384931fda3e106f750f7880c47be665217d72dbe445129049db6eb1f44e7a06b09d62af8f3cca8ea7
  languageName: node
  linkType: hard

"@types/connect@npm:*":
  version: 3.4.38
  resolution: "@types/connect@npm:3.4.38"
  dependencies:
    "@types/node": "npm:*"
  checksum: 10c0/2e1cdba2c410f25649e77856505cd60223250fa12dff7a503e492208dbfdd25f62859918f28aba95315251fd1f5e1ffbfca1e25e73037189ab85dd3f8d0a148c
  languageName: node
  linkType: hard

"@types/express-serve-static-core@npm:^4.17.33":
  version: 4.19.6
  resolution: "@types/express-serve-static-core@npm:4.19.6"
  dependencies:
    "@types/node": "npm:*"
    "@types/qs": "npm:*"
    "@types/range-parser": "npm:*"
    "@types/send": "npm:*"
  checksum: 10c0/4281f4ead71723f376b3ddf64868ae26244d434d9906c101cf8d436d4b5c779d01bd046e4ea0ed1a394d3e402216fabfa22b1fa4dba501061cd7c81c54045983
  languageName: node
  linkType: hard

"@types/express@npm:^4.17.21":
  version: 4.17.23
  resolution: "@types/express@npm:4.17.23"
  dependencies:
    "@types/body-parser": "npm:*"
    "@types/express-serve-static-core": "npm:^4.17.33"
    "@types/qs": "npm:*"
    "@types/serve-static": "npm:*"
  checksum: 10c0/60490cd4f73085007247e7d4fafad0a7abdafa34fa3caba2757512564ca5e094ece7459f0f324030a63d513f967bb86579a8682af76ae2fd718e889b0a2a4fe8
  languageName: node
  linkType: hard

"@types/http-errors@npm:*":
  version: 2.0.5
  resolution: "@types/http-errors@npm:2.0.5"
  checksum: 10c0/00f8140fbc504f47356512bd88e1910c2f07e04233d99c88c854b3600ce0523c8cd0ba7d1897667243282eb44c59abb9245959e2428b9de004f93937f52f7c15
  languageName: node
  linkType: hard

"@types/mime@npm:^1":
  version: 1.3.5
  resolution: "@types/mime@npm:1.3.5"
  checksum: 10c0/c2ee31cd9b993804df33a694d5aa3fa536511a49f2e06eeab0b484fef59b4483777dbb9e42a4198a0809ffbf698081fdbca1e5c2218b82b91603dfab10a10fbc
  languageName: node
  linkType: hard

"@types/node@npm:*":
  version: 24.0.3
  resolution: "@types/node@npm:24.0.3"
  dependencies:
    undici-types: "npm:~7.8.0"
  checksum: 10c0/9c3c4e87600d1cf11e291c2fd4bfd806a615455463c30a0ef6dc9c801b3423344d9b82b8084e3ccabce485a7421ebb61a66e9676181bd7d9aea4759998a120d5
  languageName: node
  linkType: hard

"@types/node@npm:^20.11.30":
  version: 20.19.1
  resolution: "@types/node@npm:20.19.1"
  dependencies:
    undici-types: "npm:~6.21.0"
  checksum: 10c0/4f1c3c8ec24c79af6802b376fa307904abf19accb9ac291de0bfc02220494c8b027d3ef733dbf64cc09b37594f22f679a15eabb30f3785bcfcc13bd9bbd8c0e2
  languageName: node
  linkType: hard

"@types/qs@npm:*":
  version: 6.14.0
  resolution: "@types/qs@npm:6.14.0"
  checksum: 10c0/5b3036df6e507483869cdb3858201b2e0b64b4793dc4974f188caa5b5732f2333ab9db45c08157975054d3b070788b35088b4bc60257ae263885016ee2131310
  languageName: node
  linkType: hard

"@types/range-parser@npm:*":
  version: 1.2.7
  resolution: "@types/range-parser@npm:1.2.7"
  checksum: 10c0/361bb3e964ec5133fa40644a0b942279ed5df1949f21321d77de79f48b728d39253e5ce0408c9c17e4e0fd95ca7899da36841686393b9f7a1e209916e9381a3c
  languageName: node
  linkType: hard

"@types/send@npm:*":
  version: 0.17.5
  resolution: "@types/send@npm:0.17.5"
  dependencies:
    "@types/mime": "npm:^1"
    "@types/node": "npm:*"
  checksum: 10c0/a86c9b89bb0976ff58c1cdd56360ea98528f4dbb18a5c2287bb8af04815513a576a42b4e0e1e7c4d14f7d6ea54733f6ef935ebff8c65e86d9c222881a71e1f15
  languageName: node
  linkType: hard

"@types/serve-static@npm:*":
  version: 1.15.8
  resolution: "@types/serve-static@npm:1.15.8"
  dependencies:
    "@types/http-errors": "npm:*"
    "@types/node": "npm:*"
    "@types/send": "npm:*"
  checksum: 10c0/8ad86a25b87da5276cb1008c43c74667ff7583904d46d5fcaf0355887869d859d453d7dc4f890788ae04705c23720e9b6b6f3215e2d1d2a4278bbd090a9268dd
  languageName: node
  linkType: hard

"abitype@npm:1.0.8, abitype@npm:^1.0.8":
  version: 1.0.8
  resolution: "abitype@npm:1.0.8"
  peerDependencies:
    typescript: ">=5.0.4"
    zod: ^3 >=3.22.0
  peerDependenciesMeta:
    typescript:
      optional: true
    zod:
      optional: true
  checksum: 10c0/d3393f32898c1f0f6da4eed2561da6830dcd0d5129a160fae9517214236ee6a6c8e5a0380b8b960c5bc1b949320bcbd015ec7f38b5d7444f8f2b854a1b5dd754
  languageName: node
  linkType: hard

"accepts@npm:~1.3.8":
  version: 1.3.8
  resolution: "accepts@npm:1.3.8"
  dependencies:
    mime-types: "npm:~2.1.34"
    negotiator: "npm:0.6.3"
  checksum: 10c0/3a35c5f5586cfb9a21163ca47a5f77ac34fa8ceb5d17d2fa2c0d81f41cbd7f8c6fa52c77e2c039acc0f4d09e71abdc51144246900f6bef5e3c4b333f77d89362
  languageName: node
  linkType: hard

"alpha-testnet-monitor@workspace:.":
  version: 0.0.0-use.local
  resolution: "alpha-testnet-monitor@workspace:."
  dependencies:
    "@types/express": "npm:^4.17.21"
    "@types/node": "npm:^20.11.30"
    express: "npm:^4.19.2"
    prom-client: "npm:^15.1.2"
    typescript: "npm:^5.4.5"
    viem: "npm:^2.13.3"
  languageName: unknown
  linkType: soft

"array-flatten@npm:1.1.1":
  version: 1.1.1
  resolution: "array-flatten@npm:1.1.1"
  checksum: 10c0/806966c8abb2f858b08f5324d9d18d7737480610f3bd5d3498aaae6eb5efdc501a884ba019c9b4a8f02ff67002058749d05548fd42fa8643f02c9c7f22198b91
  languageName: node
  linkType: hard

"bintrees@npm:1.0.2":
  version: 1.0.2
  resolution: "bintrees@npm:1.0.2"
  checksum: 10c0/132944b20c93c1a8f97bf8aa25980a76c6eb4291b7f2df2dbcd01cb5b417c287d3ee0847c7260c9f05f3d5a4233aaa03dec95114e97f308abe9cc3f72bed4a44
  languageName: node
  linkType: hard

"body-parser@npm:1.20.3":
  version: 1.20.3
  resolution: "body-parser@npm:1.20.3"
  dependencies:
    bytes: "npm:3.1.2"
    content-type: "npm:~1.0.5"
    debug: "npm:2.6.9"
    depd: "npm:2.0.0"
    destroy: "npm:1.2.0"
    http-errors: "npm:2.0.0"
    iconv-lite: "npm:0.4.24"
    on-finished: "npm:2.4.1"
    qs: "npm:6.13.0"
    raw-body: "npm:2.5.2"
    type-is: "npm:~1.6.18"
    unpipe: "npm:1.0.0"
  checksum: 10c0/0a9a93b7518f222885498dcecaad528cf010dd109b071bf471c93def4bfe30958b83e03496eb9c1ad4896db543d999bb62be1a3087294162a88cfa1b42c16310
  languageName: node
  linkType: hard

"bytes@npm:3.1.2":
  version: 3.1.2
  resolution: "bytes@npm:3.1.2"
  checksum: 10c0/76d1c43cbd602794ad8ad2ae94095cddeb1de78c5dddaa7005c51af10b0176c69971a6d88e805a90c2b6550d76636e43c40d8427a808b8645ede885de4a0358e
  languageName: node
  linkType: hard

"call-bind-apply-helpers@npm:^1.0.1, call-bind-apply-helpers@npm:^1.0.2":
  version: 1.0.2
  resolution: "call-bind-apply-helpers@npm:1.0.2"
  dependencies:
    es-errors: "npm:^1.3.0"
    function-bind: "npm:^1.1.2"
  checksum: 10c0/47bd9901d57b857590431243fea704ff18078b16890a6b3e021e12d279bbf211d039155e27d7566b374d49ee1f8189344bac9833dec7a20cdec370506361c938
  languageName: node
  linkType: hard

"call-bound@npm:^1.0.2":
  version: 1.0.4
  resolution: "call-bound@npm:1.0.4"
  dependencies:
    call-bind-apply-helpers: "npm:^1.0.2"
    get-intrinsic: "npm:^1.3.0"
  checksum: 10c0/f4796a6a0941e71c766aea672f63b72bc61234c4f4964dc6d7606e3664c307e7d77845328a8f3359ce39ddb377fed67318f9ee203dea1d47e46165dcf2917644
  languageName: node
  linkType: hard

"content-disposition@npm:0.5.4":
  version: 0.5.4
  resolution: "content-disposition@npm:0.5.4"
  dependencies:
    safe-buffer: "npm:5.2.1"
  checksum: 10c0/bac0316ebfeacb8f381b38285dc691c9939bf0a78b0b7c2d5758acadad242d04783cee5337ba7d12a565a19075af1b3c11c728e1e4946de73c6ff7ce45f3f1bb
  languageName: node
  linkType: hard

"content-type@npm:~1.0.4, content-type@npm:~1.0.5":
  version: 1.0.5
  resolution: "content-type@npm:1.0.5"
  checksum: 10c0/b76ebed15c000aee4678c3707e0860cb6abd4e680a598c0a26e17f0bfae723ec9cc2802f0ff1bc6e4d80603719010431d2231018373d4dde10f9ccff9dadf5af
  languageName: node
  linkType: hard

"cookie-signature@npm:1.0.6":
  version: 1.0.6
  resolution: "cookie-signature@npm:1.0.6"
  checksum: 10c0/b36fd0d4e3fef8456915fcf7742e58fbfcc12a17a018e0eb9501c9d5ef6893b596466f03b0564b81af29ff2538fd0aa4b9d54fe5ccbfb4c90ea50ad29fe2d221
  languageName: node
  linkType: hard

"cookie@npm:0.7.1":
  version: 0.7.1
  resolution: "cookie@npm:0.7.1"
  checksum: 10c0/5de60c67a410e7c8dc8a46a4b72eb0fe925871d057c9a5d2c0e8145c4270a4f81076de83410c4d397179744b478e33cd80ccbcc457abf40a9409ad27dcd21dde
  languageName: node
  linkType: hard

"debug@npm:2.6.9":
  version: 2.6.9
  resolution: "debug@npm:2.6.9"
  dependencies:
    ms: "npm:2.0.0"
  checksum: 10c0/121908fb839f7801180b69a7e218a40b5a0b718813b886b7d6bdb82001b931c938e2941d1e4450f33a1b1df1da653f5f7a0440c197f29fbf8a6e9d45ff6ef589
  languageName: node
  linkType: hard

"depd@npm:2.0.0":
  version: 2.0.0
  resolution: "depd@npm:2.0.0"
  checksum: 10c0/58bd06ec20e19529b06f7ad07ddab60e504d9e0faca4bd23079fac2d279c3594334d736508dc350e06e510aba5e22e4594483b3a6562ce7c17dd797f4cc4ad2c
  languageName: node
  linkType: hard

"destroy@npm:1.2.0":
  version: 1.2.0
  resolution: "destroy@npm:1.2.0"
  checksum: 10c0/bd7633942f57418f5a3b80d5cb53898127bcf53e24cdf5d5f4396be471417671f0fee48a4ebe9a1e9defbde2a31280011af58a57e090ff822f589b443ed4e643
  languageName: node
  linkType: hard

"dunder-proto@npm:^1.0.1":
  version: 1.0.1
  resolution: "dunder-proto@npm:1.0.1"
  dependencies:
    call-bind-apply-helpers: "npm:^1.0.1"
    es-errors: "npm:^1.3.0"
    gopd: "npm:^1.2.0"
  checksum: 10c0/199f2a0c1c16593ca0a145dbf76a962f8033ce3129f01284d48c45ed4e14fea9bbacd7b3610b6cdc33486cef20385ac054948fefc6272fcce645c09468f93031
  languageName: node
  linkType: hard

"ee-first@npm:1.1.1":
  version: 1.1.1
  resolution: "ee-first@npm:1.1.1"
  checksum: 10c0/b5bb125ee93161bc16bfe6e56c6b04de5ad2aa44234d8f644813cc95d861a6910903132b05093706de2b706599367c4130eb6d170f6b46895686b95f87d017b7
  languageName: node
  linkType: hard

"encodeurl@npm:~1.0.2":
  version: 1.0.2
  resolution: "encodeurl@npm:1.0.2"
  checksum: 10c0/f6c2387379a9e7c1156c1c3d4f9cb7bb11cf16dd4c1682e1f6746512564b053df5781029b6061296832b59fb22f459dbe250386d217c2f6e203601abb2ee0bec
  languageName: node
  linkType: hard

"encodeurl@npm:~2.0.0":
  version: 2.0.0
  resolution: "encodeurl@npm:2.0.0"
  checksum: 10c0/5d317306acb13e6590e28e27924c754163946a2480de11865c991a3a7eed4315cd3fba378b543ca145829569eefe9b899f3d84bb09870f675ae60bc924b01ceb
  languageName: node
  linkType: hard

"es-define-property@npm:^1.0.1":
  version: 1.0.1
  resolution: "es-define-property@npm:1.0.1"
  checksum: 10c0/3f54eb49c16c18707949ff25a1456728c883e81259f045003499efba399c08bad00deebf65cccde8c0e07908c1a225c9d472b7107e558f2a48e28d530e34527c
  languageName: node
  linkType: hard

"es-errors@npm:^1.3.0":
  version: 1.3.0
  resolution: "es-errors@npm:1.3.0"
  checksum: 10c0/0a61325670072f98d8ae3b914edab3559b6caa980f08054a3b872052640d91da01d38df55df797fcc916389d77fc92b8d5906cf028f4db46d7e3003abecbca85
  languageName: node
  linkType: hard

"es-object-atoms@npm:^1.0.0, es-object-atoms@npm:^1.1.1":
  version: 1.1.1
  resolution: "es-object-atoms@npm:1.1.1"
  dependencies:
    es-errors: "npm:^1.3.0"
  checksum: 10c0/65364812ca4daf48eb76e2a3b7a89b3f6a2e62a1c420766ce9f692665a29d94fe41fe88b65f24106f449859549711e4b40d9fb8002d862dfd7eb1c512d10be0c
  languageName: node
  linkType: hard

"escape-html@npm:~1.0.3":
  version: 1.0.3
  resolution: "escape-html@npm:1.0.3"
  checksum: 10c0/524c739d776b36c3d29fa08a22e03e8824e3b2fd57500e5e44ecf3cc4707c34c60f9ca0781c0e33d191f2991161504c295e98f68c78fe7baa6e57081ec6ac0a3
  languageName: node
  linkType: hard

"etag@npm:~1.8.1":
  version: 1.8.1
  resolution: "etag@npm:1.8.1"
  checksum: 10c0/12be11ef62fb9817314d790089a0a49fae4e1b50594135dcb8076312b7d7e470884b5100d249b28c18581b7fd52f8b485689ffae22a11ed9ec17377a33a08f84
  languageName: node
  linkType: hard

"eventemitter3@npm:5.0.1":
  version: 5.0.1
  resolution: "eventemitter3@npm:5.0.1"
  checksum: 10c0/4ba5c00c506e6c786b4d6262cfbce90ddc14c10d4667e5c83ae993c9de88aa856033994dd2b35b83e8dc1170e224e66a319fa80adc4c32adcd2379bbc75da814
  languageName: node
  linkType: hard

"express@npm:^4.19.2":
  version: 4.21.2
  resolution: "express@npm:4.21.2"
  dependencies:
    accepts: "npm:~1.3.8"
    array-flatten: "npm:1.1.1"
    body-parser: "npm:1.20.3"
    content-disposition: "npm:0.5.4"
    content-type: "npm:~1.0.4"
    cookie: "npm:0.7.1"
    cookie-signature: "npm:1.0.6"
    debug: "npm:2.6.9"
    depd: "npm:2.0.0"
    encodeurl: "npm:~2.0.0"
    escape-html: "npm:~1.0.3"
    etag: "npm:~1.8.1"
    finalhandler: "npm:1.3.1"
    fresh: "npm:0.5.2"
    http-errors: "npm:2.0.0"
    merge-descriptors: "npm:1.0.3"
    methods: "npm:~1.1.2"
    on-finished: "npm:2.4.1"
    parseurl: "npm:~1.3.3"
    path-to-regexp: "npm:0.1.12"
    proxy-addr: "npm:~2.0.7"
    qs: "npm:6.13.0"
    range-parser: "npm:~1.2.1"
    safe-buffer: "npm:5.2.1"
    send: "npm:0.19.0"
    serve-static: "npm:1.16.2"
    setprototypeof: "npm:1.2.0"
    statuses: "npm:2.0.1"
    type-is: "npm:~1.6.18"
    utils-merge: "npm:1.0.1"
    vary: "npm:~1.1.2"
  checksum: 10c0/38168fd0a32756600b56e6214afecf4fc79ec28eca7f7a91c2ab8d50df4f47562ca3f9dee412da7f5cea6b1a1544b33b40f9f8586dbacfbdada0fe90dbb10a1f
  languageName: node
  linkType: hard

"finalhandler@npm:1.3.1":
  version: 1.3.1
  resolution: "finalhandler@npm:1.3.1"
  dependencies:
    debug: "npm:2.6.9"
    encodeurl: "npm:~2.0.0"
    escape-html: "npm:~1.0.3"
    on-finished: "npm:2.4.1"
    parseurl: "npm:~1.3.3"
    statuses: "npm:2.0.1"
    unpipe: "npm:~1.0.0"
  checksum: 10c0/d38035831865a49b5610206a3a9a9aae4e8523cbbcd01175d0480ffbf1278c47f11d89be3ca7f617ae6d94f29cf797546a4619cd84dd109009ef33f12f69019f
  languageName: node
  linkType: hard

"forwarded@npm:0.2.0":
  version: 0.2.0
  resolution: "forwarded@npm:0.2.0"
  checksum: 10c0/9b67c3fac86acdbc9ae47ba1ddd5f2f81526fa4c8226863ede5600a3f7c7416ef451f6f1e240a3cc32d0fd79fcfe6beb08fd0da454f360032bde70bf80afbb33
  languageName: node
  linkType: hard

"fresh@npm:0.5.2":
  version: 0.5.2
  resolution: "fresh@npm:0.5.2"
  checksum: 10c0/c6d27f3ed86cc5b601404822f31c900dd165ba63fff8152a3ef714e2012e7535027063bc67ded4cb5b3a49fa596495d46cacd9f47d6328459cf570f08b7d9e5a
  languageName: node
  linkType: hard

"function-bind@npm:^1.1.2":
  version: 1.1.2
  resolution: "function-bind@npm:1.1.2"
  checksum: 10c0/d8680ee1e5fcd4c197e4ac33b2b4dce03c71f4d91717292785703db200f5c21f977c568d28061226f9b5900cbcd2c84463646134fd5337e7925e0942bc3f46d5
  languageName: node
  linkType: hard

"get-intrinsic@npm:^1.2.5, get-intrinsic@npm:^1.3.0":
  version: 1.3.0
  resolution: "get-intrinsic@npm:1.3.0"
  dependencies:
    call-bind-apply-helpers: "npm:^1.0.2"
    es-define-property: "npm:^1.0.1"
    es-errors: "npm:^1.3.0"
    es-object-atoms: "npm:^1.1.1"
    function-bind: "npm:^1.1.2"
    get-proto: "npm:^1.0.1"
    gopd: "npm:^1.2.0"
    has-symbols: "npm:^1.1.0"
    hasown: "npm:^2.0.2"
    math-intrinsics: "npm:^1.1.0"
  checksum: 10c0/52c81808af9a8130f581e6a6a83e1ba4a9f703359e7a438d1369a5267a25412322f03dcbd7c549edaef0b6214a0630a28511d7df0130c93cfd380f4fa0b5b66a
  languageName: node
  linkType: hard

"get-proto@npm:^1.0.1":
  version: 1.0.1
  resolution: "get-proto@npm:1.0.1"
  dependencies:
    dunder-proto: "npm:^1.0.1"
    es-object-atoms: "npm:^1.0.0"
  checksum: 10c0/9224acb44603c5526955e83510b9da41baf6ae73f7398875fba50edc5e944223a89c4a72b070fcd78beb5f7bdda58ecb6294adc28f7acfc0da05f76a2399643c
  languageName: node
  linkType: hard

"gopd@npm:^1.2.0":
  version: 1.2.0
  resolution: "gopd@npm:1.2.0"
  checksum: 10c0/50fff1e04ba2b7737c097358534eacadad1e68d24cccee3272e04e007bed008e68d2614f3987788428fd192a5ae3889d08fb2331417e4fc4a9ab366b2043cead
  languageName: node
  linkType: hard

"has-symbols@npm:^1.1.0":
  version: 1.1.0
  resolution: "has-symbols@npm:1.1.0"
  checksum: 10c0/dde0a734b17ae51e84b10986e651c664379018d10b91b6b0e9b293eddb32f0f069688c841fb40f19e9611546130153e0a2a48fd7f512891fb000ddfa36f5a20e
  languageName: node
  linkType: hard

"hasown@npm:^2.0.2":
  version: 2.0.2
  resolution: "hasown@npm:2.0.2"
  dependencies:
    function-bind: "npm:^1.1.2"
  checksum: 10c0/3769d434703b8ac66b209a4cca0737519925bbdb61dd887f93a16372b14694c63ff4e797686d87c90f08168e81082248b9b028bad60d4da9e0d1148766f56eb9
  languageName: node
  linkType: hard

"http-errors@npm:2.0.0":
  version: 2.0.0
  resolution: "http-errors@npm:2.0.0"
  dependencies:
    depd: "npm:2.0.0"
    inherits: "npm:2.0.4"
    setprototypeof: "npm:1.2.0"
    statuses: "npm:2.0.1"
    toidentifier: "npm:1.0.1"
  checksum: 10c0/fc6f2715fe188d091274b5ffc8b3657bd85c63e969daa68ccb77afb05b071a4b62841acb7a21e417b5539014dff2ebf9550f0b14a9ff126f2734a7c1387f8e19
  languageName: node
  linkType: hard

"iconv-lite@npm:0.4.24":
  version: 0.4.24
  resolution: "iconv-lite@npm:0.4.24"
  dependencies:
    safer-buffer: "npm:>= 2.1.2 < 3"
  checksum: 10c0/c6886a24cc00f2a059767440ec1bc00d334a89f250db8e0f7feb4961c8727118457e27c495ba94d082e51d3baca378726cd110aaf7ded8b9bbfd6a44760cf1d4
  languageName: node
  linkType: hard

"inherits@npm:2.0.4":
  version: 2.0.4
  resolution: "inherits@npm:2.0.4"
  checksum: 10c0/4e531f648b29039fb7426fb94075e6545faa1eb9fe83c29f0b6d9e7263aceb4289d2d4557db0d428188eeb449cc7c5e77b0a0b2c4e248ff2a65933a0dee49ef2
  languageName: node
  linkType: hard

"ipaddr.js@npm:1.9.1":
  version: 1.9.1
  resolution: "ipaddr.js@npm:1.9.1"
  checksum: 10c0/0486e775047971d3fdb5fb4f063829bac45af299ae0b82dcf3afa2145338e08290563a2a70f34b732d795ecc8311902e541a8530eeb30d75860a78ff4e94ce2a
  languageName: node
  linkType: hard

"isows@npm:1.0.7":
  version: 1.0.7
  resolution: "isows@npm:1.0.7"
  peerDependencies:
    ws: "*"
  checksum: 10c0/43c41fe89c7c07258d0be3825f87e12da8ac9023c5b5ae6741ec00b2b8169675c04331ea73ef8c172d37a6747066f4dc93947b17cd369f92828a3b3e741afbda
  languageName: node
  linkType: hard

"math-intrinsics@npm:^1.1.0":
  version: 1.1.0
  resolution: "math-intrinsics@npm:1.1.0"
  checksum: 10c0/7579ff94e899e2f76ab64491d76cf606274c874d8f2af4a442c016bd85688927fcfca157ba6bf74b08e9439dc010b248ce05b96cc7c126a354c3bae7fcb48b7f
  languageName: node
  linkType: hard

"media-typer@npm:0.3.0":
  version: 0.3.0
  resolution: "media-typer@npm:0.3.0"
  checksum: 10c0/d160f31246907e79fed398470285f21bafb45a62869dc469b1c8877f3f064f5eabc4bcc122f9479b8b605bc5c76187d7871cf84c4ee3ecd3e487da1993279928
  languageName: node
  linkType: hard

"merge-descriptors@npm:1.0.3":
  version: 1.0.3
  resolution: "merge-descriptors@npm:1.0.3"
  checksum: 10c0/866b7094afd9293b5ea5dcd82d71f80e51514bed33b4c4e9f516795dc366612a4cbb4dc94356e943a8a6914889a914530badff27f397191b9b75cda20b6bae93
  languageName: node
  linkType: hard

"methods@npm:~1.1.2":
  version: 1.1.2
  resolution: "methods@npm:1.1.2"
  checksum: 10c0/bdf7cc72ff0a33e3eede03708c08983c4d7a173f91348b4b1e4f47d4cdbf734433ad971e7d1e8c77247d9e5cd8adb81ea4c67b0a2db526b758b2233d7814b8b2
  languageName: node
  linkType: hard

"mime-db@npm:1.52.0":
  version: 1.52.0
  resolution: "mime-db@npm:1.52.0"
  checksum: 10c0/0557a01deebf45ac5f5777fe7740b2a5c309c6d62d40ceab4e23da9f821899ce7a900b7ac8157d4548ddbb7beffe9abc621250e6d182b0397ec7f10c7b91a5aa
  languageName: node
  linkType: hard

"mime-types@npm:~2.1.24, mime-types@npm:~2.1.34":
  version: 2.1.35
  resolution: "mime-types@npm:2.1.35"
  dependencies:
    mime-db: "npm:1.52.0"
  checksum: 10c0/82fb07ec56d8ff1fc999a84f2f217aa46cb6ed1033fefaabd5785b9a974ed225c90dc72fff460259e66b95b73648596dbcc50d51ed69cdf464af2d237d3149b2
  languageName: node
  linkType: hard

"mime@npm:1.6.0":
  version: 1.6.0
  resolution: "mime@npm:1.6.0"
  bin:
    mime: cli.js
  checksum: 10c0/b92cd0adc44888c7135a185bfd0dddc42c32606401c72896a842ae15da71eb88858f17669af41e498b463cd7eb998f7b48939a25b08374c7924a9c8a6f8a81b0
  languageName: node
  linkType: hard

"ms@npm:2.0.0":
  version: 2.0.0
  resolution: "ms@npm:2.0.0"
  checksum: 10c0/f8fda810b39fd7255bbdc451c46286e549794fcc700dc9cd1d25658bbc4dc2563a5de6fe7c60f798a16a60c6ceb53f033cb353f493f0cf63e5199b702943159d
  languageName: node
  linkType: hard

"ms@npm:2.1.3":
  version: 2.1.3
  resolution: "ms@npm:2.1.3"
  checksum: 10c0/d924b57e7312b3b63ad21fc5b3dc0af5e78d61a1fc7cfb5457edaf26326bf62be5307cc87ffb6862ef1c2b33b0233cdb5d4f01c4c958cc0d660948b65a287a48
  languageName: node
  linkType: hard

"negotiator@npm:0.6.3":
  version: 0.6.3
  resolution: "negotiator@npm:0.6.3"
  checksum: 10c0/3ec9fd413e7bf071c937ae60d572bc67155262068ed522cf4b3be5edbe6ddf67d095ec03a3a14ebf8fc8e95f8e1d61be4869db0dbb0de696f6b837358bd43fc2
  languageName: node
  linkType: hard

"object-inspect@npm:^1.13.3":
  version: 1.13.4
  resolution: "object-inspect@npm:1.13.4"
  checksum: 10c0/d7f8711e803b96ea3191c745d6f8056ce1f2496e530e6a19a0e92d89b0fa3c76d910c31f0aa270432db6bd3b2f85500a376a83aaba849a8d518c8845b3211692
  languageName: node
  linkType: hard

"on-finished@npm:2.4.1":
  version: 2.4.1
  resolution: "on-finished@npm:2.4.1"
  dependencies:
    ee-first: "npm:1.1.1"
  checksum: 10c0/46fb11b9063782f2d9968863d9cbba33d77aa13c17f895f56129c274318b86500b22af3a160fe9995aa41317efcd22941b6eba747f718ced08d9a73afdb087b4
  languageName: node
  linkType: hard

"ox@npm:0.8.1":
  version: 0.8.1
  resolution: "ox@npm:0.8.1"
  dependencies:
    "@adraffy/ens-normalize": "npm:^1.11.0"
    "@noble/ciphers": "npm:^1.3.0"
    "@noble/curves": "npm:^1.9.1"
    "@noble/hashes": "npm:^1.8.0"
    "@scure/bip32": "npm:^1.7.0"
    "@scure/bip39": "npm:^1.6.0"
    abitype: "npm:^1.0.8"
    eventemitter3: "npm:5.0.1"
  peerDependencies:
    typescript: ">=5.4.0"
  peerDependenciesMeta:
    typescript:
      optional: true
  checksum: 10c0/3d04df384a35c94b21a29d867ee3735acf9a975d46ffb0a26cc438b92f1e4952b2b3cddb74b4213e88d2988e82687db9b85c1018c5d4b24737b1c3d7cb7c809e
  languageName: node
  linkType: hard

"parseurl@npm:~1.3.3":
  version: 1.3.3
  resolution: "parseurl@npm:1.3.3"
  checksum: 10c0/90dd4760d6f6174adb9f20cf0965ae12e23879b5f5464f38e92fce8073354341e4b3b76fa3d878351efe7d01e617121955284cfd002ab087fba1a0726ec0b4f5
  languageName: node
  linkType: hard

"path-to-regexp@npm:0.1.12":
  version: 0.1.12
  resolution: "path-to-regexp@npm:0.1.12"
  checksum: 10c0/1c6ff10ca169b773f3bba943bbc6a07182e332464704572962d277b900aeee81ac6aa5d060ff9e01149636c30b1f63af6e69dd7786ba6e0ddb39d4dee1f0645b
  languageName: node
  linkType: hard

"prom-client@npm:^15.1.2":
  version: 15.1.3
  resolution: "prom-client@npm:15.1.3"
  dependencies:
    "@opentelemetry/api": "npm:^1.4.0"
    tdigest: "npm:^0.1.1"
  checksum: 10c0/816525572e5799a2d1d45af78512fb47d073c842dc899c446e94d17cfc343d04282a1627c488c7ca1bcd47f766446d3e49365ab7249f6d9c22c7664a5bce7021
  languageName: node
  linkType: hard

"proxy-addr@npm:~2.0.7":
  version: 2.0.7
  resolution: "proxy-addr@npm:2.0.7"
  dependencies:
    forwarded: "npm:0.2.0"
    ipaddr.js: "npm:1.9.1"
  checksum: 10c0/c3eed999781a35f7fd935f398b6d8920b6fb00bbc14287bc6de78128ccc1a02c89b95b56742bf7cf0362cc333c61d138532049c7dedc7a328ef13343eff81210
  languageName: node
  linkType: hard

"qs@npm:6.13.0":
  version: 6.13.0
  resolution: "qs@npm:6.13.0"
  dependencies:
    side-channel: "npm:^1.0.6"
  checksum: 10c0/62372cdeec24dc83a9fb240b7533c0fdcf0c5f7e0b83343edd7310f0ab4c8205a5e7c56406531f2e47e1b4878a3821d652be4192c841de5b032ca83619d8f860
  languageName: node
  linkType: hard

"range-parser@npm:~1.2.1":
  version: 1.2.1
  resolution: "range-parser@npm:1.2.1"
  checksum: 10c0/96c032ac2475c8027b7a4e9fe22dc0dfe0f6d90b85e496e0f016fbdb99d6d066de0112e680805075bd989905e2123b3b3d002765149294dce0c1f7f01fcc2ea0
  languageName: node
  linkType: hard

"raw-body@npm:2.5.2":
  version: 2.5.2
  resolution: "raw-body@npm:2.5.2"
  dependencies:
    bytes: "npm:3.1.2"
    http-errors: "npm:2.0.0"
    iconv-lite: "npm:0.4.24"
    unpipe: "npm:1.0.0"
  checksum: 10c0/b201c4b66049369a60e766318caff5cb3cc5a900efd89bdac431463822d976ad0670912c931fdbdcf5543207daf6f6833bca57aa116e1661d2ea91e12ca692c4
  languageName: node
  linkType: hard

"safe-buffer@npm:5.2.1":
  version: 5.2.1
  resolution: "safe-buffer@npm:5.2.1"
  checksum: 10c0/6501914237c0a86e9675d4e51d89ca3c21ffd6a31642efeba25ad65720bce6921c9e7e974e5be91a786b25aa058b5303285d3c15dbabf983a919f5f630d349f3
  languageName: node
  linkType: hard

"safer-buffer@npm:>= 2.1.2 < 3":
  version: 2.1.2
  resolution: "safer-buffer@npm:2.1.2"
  checksum: 10c0/7e3c8b2e88a1841c9671094bbaeebd94448111dd90a81a1f606f3f67708a6ec57763b3b47f06da09fc6054193e0e6709e77325415dc8422b04497a8070fa02d4
  languageName: node
  linkType: hard

"send@npm:0.19.0":
  version: 0.19.0
  resolution: "send@npm:0.19.0"
  dependencies:
    debug: "npm:2.6.9"
    depd: "npm:2.0.0"
    destroy: "npm:1.2.0"
    encodeurl: "npm:~1.0.2"
    escape-html: "npm:~1.0.3"
    etag: "npm:~1.8.1"
    fresh: "npm:0.5.2"
    http-errors: "npm:2.0.0"
    mime: "npm:1.6.0"
    ms: "npm:2.1.3"
    on-finished: "npm:2.4.1"
    range-parser: "npm:~1.2.1"
    statuses: "npm:2.0.1"
  checksum: 10c0/ea3f8a67a8f0be3d6bf9080f0baed6d2c51d11d4f7b4470de96a5029c598a7011c497511ccc28968b70ef05508675cebff27da9151dd2ceadd60be4e6cf845e3
  languageName: node
  linkType: hard

"serve-static@npm:1.16.2":
  version: 1.16.2
  resolution: "serve-static@npm:1.16.2"
  dependencies:
    encodeurl: "npm:~2.0.0"
    escape-html: "npm:~1.0.3"
    parseurl: "npm:~1.3.3"
    send: "npm:0.19.0"
  checksum: 10c0/528fff6f5e12d0c5a391229ad893910709bc51b5705962b09404a1d813857578149b8815f35d3ee5752f44cd378d0f31669d4b1d7e2d11f41e08283d5134bd1f
  languageName: node
  linkType: hard

"setprototypeof@npm:1.2.0":
  version: 1.2.0
  resolution: "setprototypeof@npm:1.2.0"
  checksum: 10c0/68733173026766fa0d9ecaeb07f0483f4c2dc70ca376b3b7c40b7cda909f94b0918f6c5ad5ce27a9160bdfb475efaa9d5e705a11d8eaae18f9835d20976028bc
  languageName: node
  linkType: hard

"side-channel-list@npm:^1.0.0":
  version: 1.0.0
  resolution: "side-channel-list@npm:1.0.0"
  dependencies:
    es-errors: "npm:^1.3.0"
    object-inspect: "npm:^1.13.3"
  checksum: 10c0/644f4ac893456c9490ff388bf78aea9d333d5e5bfc64cfb84be8f04bf31ddc111a8d4b83b85d7e7e8a7b845bc185a9ad02c052d20e086983cf59f0be517d9b3d
  languageName: node
  linkType: hard

"side-channel-map@npm:^1.0.1":
  version: 1.0.1
  resolution: "side-channel-map@npm:1.0.1"
  dependencies:
    call-bound: "npm:^1.0.2"
    es-errors: "npm:^1.3.0"
    get-intrinsic: "npm:^1.2.5"
    object-inspect: "npm:^1.13.3"
  checksum: 10c0/010584e6444dd8a20b85bc926d934424bd809e1a3af941cace229f7fdcb751aada0fb7164f60c2e22292b7fa3c0ff0bce237081fd4cdbc80de1dc68e95430672
  languageName: node
  linkType: hard

"side-channel-weakmap@npm:^1.0.2":
  version: 1.0.2
  resolution: "side-channel-weakmap@npm:1.0.2"
  dependencies:
    call-bound: "npm:^1.0.2"
    es-errors: "npm:^1.3.0"
    get-intrinsic: "npm:^1.2.5"
    object-inspect: "npm:^1.13.3"
    side-channel-map: "npm:^1.0.1"
  checksum: 10c0/71362709ac233e08807ccd980101c3e2d7efe849edc51455030327b059f6c4d292c237f94dc0685031dd11c07dd17a68afde235d6cf2102d949567f98ab58185
  languageName: node
  linkType: hard

"side-channel@npm:^1.0.6":
  version: 1.1.0
  resolution: "side-channel@npm:1.1.0"
  dependencies:
    es-errors: "npm:^1.3.0"
    object-inspect: "npm:^1.13.3"
    side-channel-list: "npm:^1.0.0"
    side-channel-map: "npm:^1.0.1"
    side-channel-weakmap: "npm:^1.0.2"
  checksum: 10c0/cb20dad41eb032e6c24c0982e1e5a24963a28aa6122b4f05b3f3d6bf8ae7fd5474ef382c8f54a6a3ab86e0cac4d41a23bd64ede3970e5bfb50326ba02a7996e6
  languageName: node
  linkType: hard

"statuses@npm:2.0.1":
  version: 2.0.1
  resolution: "statuses@npm:2.0.1"
  checksum: 10c0/34378b207a1620a24804ce8b5d230fea0c279f00b18a7209646d5d47e419d1cc23e7cbf33a25a1e51ac38973dc2ac2e1e9c647a8e481ef365f77668d72becfd0
  languageName: node
  linkType: hard

"tdigest@npm:^0.1.1":
  version: 0.1.2
  resolution: "tdigest@npm:0.1.2"
  dependencies:
    bintrees: "npm:1.0.2"
  checksum: 10c0/10187b8144b112fcdfd3a5e4e9068efa42c990b1e30cd0d4f35ee8f58f16d1b41bc587e668fa7a6f6ca31308961cbd06cd5d4a4ae1dc388335902ae04f7d57df
  languageName: node
  linkType: hard

"toidentifier@npm:1.0.1":
  version: 1.0.1
  resolution: "toidentifier@npm:1.0.1"
  checksum: 10c0/93937279934bd66cc3270016dd8d0afec14fb7c94a05c72dc57321f8bd1fa97e5bea6d1f7c89e728d077ca31ea125b78320a616a6c6cd0e6b9cb94cb864381c1
  languageName: node
  linkType: hard

"type-is@npm:~1.6.18":
  version: 1.6.18
  resolution: "type-is@npm:1.6.18"
  dependencies:
    media-typer: "npm:0.3.0"
    mime-types: "npm:~2.1.24"
  checksum: 10c0/a23daeb538591b7efbd61ecf06b6feb2501b683ffdc9a19c74ef5baba362b4347e42f1b4ed81f5882a8c96a3bfff7f93ce3ffaf0cbbc879b532b04c97a55db9d
  languageName: node
  linkType: hard

"typescript@npm:^5.4.5":
  version: 5.8.3
  resolution: "typescript@npm:5.8.3"
  bin:
    tsc: bin/tsc
    tsserver: bin/tsserver
  checksum: 10c0/5f8bb01196e542e64d44db3d16ee0e4063ce4f3e3966df6005f2588e86d91c03e1fb131c2581baf0fb65ee79669eea6e161cd448178986587e9f6844446dbb48
  languageName: node
  linkType: hard

"typescript@patch:typescript@npm%3A^5.4.5#optional!builtin<compat/typescript>":
  version: 5.8.3
  resolution: "typescript@patch:typescript@npm%3A5.8.3#optional!builtin<compat/typescript>::version=5.8.3&hash=5786d5"
  bin:
    tsc: bin/tsc
    tsserver: bin/tsserver
  checksum: 10c0/39117e346ff8ebd87ae1510b3a77d5d92dae5a89bde588c747d25da5c146603a99c8ee588c7ef80faaf123d89ed46f6dbd918d534d641083177d5fac38b8a1cb
  languageName: node
  linkType: hard

"undici-types@npm:~6.21.0":
  version: 6.21.0
  resolution: "undici-types@npm:6.21.0"
  checksum: 10c0/c01ed51829b10aa72fc3ce64b747f8e74ae9b60eafa19a7b46ef624403508a54c526ffab06a14a26b3120d055e1104d7abe7c9017e83ced038ea5cf52f8d5e04
  languageName: node
  linkType: hard

"undici-types@npm:~7.8.0":
  version: 7.8.0
  resolution: "undici-types@npm:7.8.0"
  checksum: 10c0/9d9d246d1dc32f318d46116efe3cfca5a72d4f16828febc1918d94e58f6ffcf39c158aa28bf5b4fc52f410446bc7858f35151367bd7a49f21746cab6497b709b
  languageName: node
  linkType: hard

"unpipe@npm:1.0.0, unpipe@npm:~1.0.0":
  version: 1.0.0
  resolution: "unpipe@npm:1.0.0"
  checksum: 10c0/193400255bd48968e5c5383730344fbb4fa114cdedfab26e329e50dd2d81b134244bb8a72c6ac1b10ab0281a58b363d06405632c9d49ca9dfd5e90cbd7d0f32c
  languageName: node
  linkType: hard

"utils-merge@npm:1.0.1":
  version: 1.0.1
  resolution: "utils-merge@npm:1.0.1"
  checksum: 10c0/02ba649de1b7ca8854bfe20a82f1dfbdda3fb57a22ab4a8972a63a34553cf7aa51bc9081cf7e001b035b88186d23689d69e71b510e610a09a4c66f68aa95b672
  languageName: node
  linkType: hard

"vary@npm:~1.1.2":
  version: 1.1.2
  resolution: "vary@npm:1.1.2"
  checksum: 10c0/f15d588d79f3675135ba783c91a4083dcd290a2a5be9fcb6514220a1634e23df116847b1cc51f66bfb0644cf9353b2abb7815ae499bab06e46dd33c1a6bf1f4f
  languageName: node
  linkType: hard

"viem@npm:^2.13.3":
  version: 2.31.4
  resolution: "viem@npm:2.31.4"
  dependencies:
    "@noble/curves": "npm:1.9.2"
    "@noble/hashes": "npm:1.8.0"
    "@scure/bip32": "npm:1.7.0"
    "@scure/bip39": "npm:1.6.0"
    abitype: "npm:1.0.8"
    isows: "npm:1.0.7"
    ox: "npm:0.8.1"
    ws: "npm:8.18.2"
  peerDependencies:
    typescript: ">=5.0.4"
  peerDependenciesMeta:
    typescript:
      optional: true
  checksum: 10c0/cffc1c91b322a683758877c8a39916e984809847082343a297d3d637474b711c30e69fad2547f8e4617e6961797811a628d0fd6c3b4d105a7669d89e205edebc
  languageName: node
  linkType: hard

"ws@npm:8.18.2":
  version: 8.18.2
  resolution: "ws@npm:8.18.2"
  peerDependencies:
    bufferutil: ^4.0.1
    utf-8-validate: ">=5.0.2"
  peerDependenciesMeta:
    bufferutil:
      optional: true
    utf-8-validate:
      optional: true
  checksum: 10c0/4b50f67931b8c6943c893f59c524f0e4905bbd183016cfb0f2b8653aa7f28dad4e456b9d99d285bbb67cca4fedd9ce90dfdfaa82b898a11414ebd66ee99141e4
  languageName: node
  linkType: hard
