# THIS IS AN AUTOGENERATED FILE. DO NOT EDIT THIS FILE DIRECTLY.
# yarn lockfile v1


"@types/node@^20.11.18":
  version "20.17.3"
  resolved "https://registry.yarnpkg.com/@types/node/-/node-20.17.3.tgz#1ad87177c53fa2b237e79a4929fd37932f779f0c"
  integrity sha512-tSQrmKKatLDGnG92h40GD7FzUt0MjahaHwOME4VAFeeA/Xopayq5qLyQRy7Jg/pjgKIFBXuKcGhJo+UdYG55jQ==
  dependencies:
    undici-types "~6.19.2"

typescript@^5.0.4:
  version "5.6.3"
  resolved "https://registry.yarnpkg.com/typescript/-/typescript-5.6.3.tgz#5f3449e31c9d94febb17de03cc081dd56d81db5b"
  integrity sha512-hjcS1mhfuyi4WW8IWtjP7brDrG2cuDZukyrYrSauoXGNgx0S7zceP07adYkJycEr56BOUTNPzbInooiN3fn1qw==

undici-types@~6.19.2:
  version "6.19.8"
  resolved "https://registry.yarnpkg.com/undici-types/-/undici-types-6.19.8.tgz#35111c9d1437ab83a7cdc0abae2f26d88eda0a02"
  integrity sha512-ve2KP6f/JnbPBFyobGHuerC9g1FYGn/F8n1LWTwNxCEzd6IfqTwUQcNXgEtmmQ6DlRrC1hrSrBnCZPokRrDHjw==
