# This file is generated by running "yarn install" inside your project.
# Manual changes might be lost - proceed with caution!

__metadata:
  version: 8
  cacheKey: 10c0

"@iarna/toml@npm:^2.2.5":
  version: 2.2.5
  resolution: "@iarna/toml@npm:2.2.5"
  checksum: 10c0/d095381ad4554aca233b7cf5a91f243ef619e5e15efd3157bc640feac320545450d14b394aebbf6f02a2047437ced778ae598d5879a995441ab7b6c0b2c2f201
  languageName: node
  linkType: hard

"noir-protocol-circuits-generator@workspace:.":
  version: 0.0.0-use.local
  resolution: "noir-protocol-circuits-generator@workspace:."
  dependencies:
    "@iarna/toml": "npm:^2.2.5"
  languageName: unknown
  linkType: soft
