{
  "name": "headless-test",
  "version": "1.0.0",
  "lockfileVersion": 3,
  "requires": true,
  "packages": {
    "": {
      "name": "headless-test",
      "version": "1.0.0",
      "license": "MIT",
      "dependencies": {
        "ethers": "^6.8.1",
        "solc": "^0.8.22",
        "solc-js": "^1.0.1"
      }
    },
    "node_modules/@adraffy/ens-normalize": {
      "version": "1.10.0",
      "resolved": "https://registry.npmjs.org/@adraffy/ens-normalize/-/ens-normalize-1.10.0.tgz",
      "integrity": "sha512-nA9XHtlAkYfJxY7bce8DcN7eKxWWCWkU+1GR9d+U6MbNpfwQp8TI7vqOsBsMcHoT4mBu2kypKoSKnghEzOOq5Q=="
    },
    "node_modules/@noble/curves": {
      "version": "1.2.0",
      "resolved": "https://registry.npmjs.org/@noble/curves/-/curves-1.2.0.tgz",
      "integrity": "sha512-oYclrNgRaM9SsBUBVbb8M6DTV7ZHRTKugureoYEncY5c65HOmRzvSiTE3y5CYaPYJA/GVkrhXEoF0M3Ya9PMnw==",
      "dependencies": {
        "@noble/hashes": "1.3.2"
      },
      "funding": {
        "url": "https://paulmillr.com/funding/"
      }
    },
    "node_modules/@noble/hashes": {
      "version": "1.3.2",
      "resolved": "https://registry.npmjs.org/@noble/hashes/-/hashes-1.3.2.tgz",
      "integrity": "sha512-MVC8EAQp7MvEcm30KWENFjgR+Mkmf+D189XJTkFIlwohU5hcBbn1ZkKq7KVTi2Hme3PMGF390DaL52beVrIihQ==",
      "engines": {
        "node": ">= 16"
      },
      "funding": {
        "url": "https://paulmillr.com/funding/"
      }
    },
    "node_modules/@types/node": {
      "version": "18.15.13",
      "resolved": "https://registry.npmjs.org/@types/node/-/node-18.15.13.tgz",
      "integrity": "sha512-N+0kuo9KgrUQ1Sn/ifDXsvg0TTleP7rIy4zOBGECxAljqvqfqpTfzx0Q1NUedOixRMBfe2Whhb056a42cWs26Q=="
    },
    "node_modules/aes-js": {
      "version": "4.0.0-beta.5",
      "resolved": "https://registry.npmjs.org/aes-js/-/aes-js-4.0.0-beta.5.tgz",
      "integrity": "sha512-G965FqalsNyrPqgEGON7nIx1e/OVENSgiEIzyC63haUMuvNnwIgIjMs52hlTCKhkBny7A2ORNlfY9Zu+jmGk1Q=="
    },
    "node_modules/ajax-caching": {
      "version": "0.1.2",
      "resolved": "https://registry.npmjs.org/ajax-caching/-/ajax-caching-0.1.2.tgz",
      "integrity": "sha512-sR4BataOHBqyhzfjhY6XlmaL6ifysUn1YwoN2PoToKwB0vGZ0G8opPMiBwQfIZ4MGc1YX4M3UlZzGnXcsIE88Q==",
      "dependencies": {
        "kv-idb": "^1.1.0"
      }
    },
    "node_modules/command-exists": {
      "version": "1.2.9",
      "resolved": "https://registry.npmjs.org/command-exists/-/command-exists-1.2.9.tgz",
      "integrity": "sha512-LTQ/SGc+s0Xc0Fu5WaKnR0YiygZkm9eKFvyS+fRsU7/ZWFF8ykFM6Pc9aCVf1+xasOOZpO3BAVgVrKvsqKHV7w=="
    },
    "node_modules/commander": {
      "version": "8.3.0",
      "resolved": "https://registry.npmjs.org/commander/-/commander-8.3.0.tgz",
      "integrity": "sha512-OkTL9umf+He2DZkUq8f8J9of7yL6RJKI24dVITBmNfZBmri9zYZQrKkuXiKhyfPSu8tUhnVBB1iKXevvnlR4Ww==",
      "engines": {
        "node": ">= 12"
      }
    },
    "node_modules/ethers": {
      "version": "6.8.1",
      "resolved": "https://registry.npmjs.org/ethers/-/ethers-6.8.1.tgz",
      "integrity": "sha512-iEKm6zox5h1lDn6scuRWdIdFJUCGg3+/aQWu0F4K0GVyEZiktFkqrJbRjTn1FlYEPz7RKA707D6g5Kdk6j7Ljg==",
      "funding": [
        {
          "type": "individual",
          "url": "https://github.com/sponsors/ethers-io/"
        },
        {
          "type": "individual",
          "url": "https://www.buymeacoffee.com/ricmoo"
        }
      ],
      "dependencies": {
        "@adraffy/ens-normalize": "1.10.0",
        "@noble/curves": "1.2.0",
        "@noble/hashes": "1.3.2",
        "@types/node": "18.15.13",
        "aes-js": "4.0.0-beta.5",
        "tslib": "2.4.0",
        "ws": "8.5.0"
      },
      "engines": {
        "node": ">=14.0.0"
      }
    },
    "node_modules/follow-redirects": {
      "version": "1.15.3",
      "resolved": "https://registry.npmjs.org/follow-redirects/-/follow-redirects-1.15.3.tgz",
      "integrity": "sha512-1VzOtuEM8pC9SFU1E+8KfTjZyMztRsgEfwQl44z8A25uy13jSzTj6dyK2Df52iV0vgHCfBwLhDWevLn95w5v6Q==",
      "funding": [
        {
          "type": "individual",
          "url": "https://github.com/sponsors/RubenVerborgh"
        }
      ],
      "engines": {
        "node": ">=4.0"
      },
      "peerDependenciesMeta": {
        "debug": {
          "optional": true
        }
      }
    },
    "node_modules/js-sha3": {
      "version": "0.8.0",
      "resolved": "https://registry.npmjs.org/js-sha3/-/js-sha3-0.8.0.tgz",
      "integrity": "sha512-gF1cRrHhIzNfToc802P800N8PpXS+evLLXfsVpowqmAFR9uwbi89WvXg2QspOmXL8QL86J4T1EpFu+yUkwJY3Q=="
    },
    "node_modules/kv-idb": {
      "version": "1.1.0",
      "resolved": "https://registry.npmjs.org/kv-idb/-/kv-idb-1.1.0.tgz",
      "integrity": "sha512-H1qsvb/rZcJX573DGonc6l1hNG283JfnmBck83aiLmjI1nwaiudUinjzaWmwa8QZkjHsMUDkXm4D1k4ewjlo/g=="
    },
    "node_modules/lodash": {
      "version": "4.17.21",
      "resolved": "https://registry.npmjs.org/lodash/-/lodash-4.17.21.tgz",
      "integrity": "sha512-v2kDEe57lecTulaDIuNTPy3Ry4gLGJ6Z1O3vE1krgXZNrsQ+LFTGHVxVjcXPs17LhbZVGedAJv8XZ1tvj5FvSg=="
    },
    "node_modules/memorystream": {
      "version": "0.3.1",
      "resolved": "https://registry.npmjs.org/memorystream/-/memorystream-0.3.1.tgz",
      "integrity": "sha512-S3UwM3yj5mtUSEfP41UZmt/0SCoVYUcU1rkXv+BQ5Ig8ndL4sPoJNBUJERafdPb5jjHJGuMgytgKvKIf58XNBw==",
      "engines": {
        "node": ">= 0.10.0"
      }
    },
    "node_modules/os-tmpdir": {
      "version": "1.0.2",
      "resolved": "https://registry.npmjs.org/os-tmpdir/-/os-tmpdir-1.0.2.tgz",
      "integrity": "sha512-D2FR03Vir7FIu45XBY20mTb+/ZSWB00sjU9jdQXt83gDrI4Ztz5Fs7/yy74g2N5SVQY4xY1qDr4rNddwYRVX0g==",
      "engines": {
        "node": ">=0.10.0"
      }
    },
    "node_modules/resolve-github": {
      "version": "0.2.0",
      "resolved": "https://registry.npmjs.org/resolve-github/-/resolve-github-0.2.0.tgz",
      "integrity": "sha512-Ocaoo1zeCaNPduCzzPLtUvoUOmbzjyBs4Eq/jEzZkknzhuH53roeD8NUHg9ZjwDBpcuMiOqaoiskAnURKxopag==",
      "dependencies": {
        "solc-import": "0.0.2"
      }
    },
    "node_modules/resolve-http": {
      "version": "0.2.0",
      "resolved": "https://registry.npmjs.org/resolve-http/-/resolve-http-0.2.0.tgz",
      "integrity": "sha512-XInHhoHbU4wwLXcrWB1ULPN/RzEzopenfePeykv9IssY1oF1evUDIBMODMJpYl3zxRZsqqOHsrA8lcb/4ZsvgQ==",
      "dependencies": {
        "solc-import": "0.0.2"
      }
    },
    "node_modules/resolve-ipfs": {
      "version": "0.1.0",
      "resolved": "https://registry.npmjs.org/resolve-ipfs/-/resolve-ipfs-0.1.0.tgz",
      "integrity": "sha512-TLvn09WQ01AZTFoZK1aSidmdUnCxQfTuehEutF6w8kRoXw1hL3jlDw5djKJlIVADihXp2HWguZR4hZXAtLkFSw=="
    },
    "node_modules/resolve-swarm": {
      "version": "0.1.0",
      "resolved": "https://registry.npmjs.org/resolve-swarm/-/resolve-swarm-0.1.0.tgz",
      "integrity": "sha512-fhI2FSkN6SLUJCWf7Svf3rW9AdSxS4KQCJzvAPSJZRmg1bPz+Ek/fRmNUkv5ihtrNiW8wury+XxQZoS+6LbHHg=="
    },
    "node_modules/semver": {
      "version": "5.7.2",
      "resolved": "https://registry.npmjs.org/semver/-/semver-5.7.2.tgz",
      "integrity": "sha512-cBznnQ9KjJqU67B52RMC65CMarK2600WFnbkcaiwWq3xy/5haFJlshgnpjovMVJ+Hff49d8GEn0b87C5pDQ10g==",
      "bin": {
        "semver": "bin/semver"
      }
    },
    "node_modules/solc": {
      "version": "0.8.22",
      "resolved": "https://registry.npmjs.org/solc/-/solc-0.8.22.tgz",
      "integrity": "sha512-bA2tMZXx93R8L5LUH7TlB/f+QhkVyxrrY6LmgJnFFZlRknrhYVlBK1e3uHIdKybwoFabOFSzeaZjPeL/GIpFGQ==",
      "dependencies": {
        "command-exists": "^1.2.8",
        "commander": "^8.1.0",
        "follow-redirects": "^1.12.1",
        "js-sha3": "0.8.0",
        "memorystream": "^0.3.1",
        "semver": "^5.5.0",
        "tmp": "0.0.33"
      },
      "bin": {
        "solcjs": "solc.js"
      },
      "engines": {
        "node": ">=10.0.0"
      }
    },
    "node_modules/solc-import": {
      "version": "0.0.2",
      "resolved": "https://registry.npmjs.org/solc-import/-/solc-import-0.0.2.tgz",
      "integrity": "sha512-NQMUiz2c1xm62Q1VhgTGa2DUQWr6bIpPIJxDhg77YPfCyrq4GO/o1BP0brp9gTpNzjYODG9I2Wh8vB8eJxFjXA=="
    },
    "node_modules/solc-js": {
      "version": "1.0.1",
      "resolved": "https://registry.npmjs.org/solc-js/-/solc-js-1.0.1.tgz",
      "integrity": "sha512-+DjNJLfbOteWSkGLiWUBPvhFa4iq6Eo/a7rrVNz/B79Oz0DiwMha6kPrfZbYcTQ0ZbZBlVGB2EXAipKFI4kJHw==",
      "dependencies": {
        "ajax-caching": "^0.1.0",
        "kv-idb": "^1.0.0",
        "resolve-github": "^0.2.0",
        "resolve-http": "^0.2.0",
        "resolve-ipfs": "^0.1.0",
        "resolve-swarm": "^0.1.0",
        "solc-import": "^0.0.2",
        "solc-resolver": "^0.2.1",
        "solc-version": "^0.1.6",
        "solcjs-core": "^0.6.0"
      }
    },
    "node_modules/solc-resolver": {
      "version": "0.2.3",
      "resolved": "https://registry.npmjs.org/solc-resolver/-/solc-resolver-0.2.3.tgz",
      "integrity": "sha512-nYji6nNFWauxzSDUNGWCcRJxy18MTDezYFpP2j+dFf0eDUY5G1e7XyJosyVIsddrUk8MCTBecZ8kFi5wS7cfZQ==",
      "dependencies": {
        "solc-import": "^0.0.2"
      }
    },
    "node_modules/solc-version": {
      "version": "0.1.6",
      "resolved": "https://registry.npmjs.org/solc-version/-/solc-version-0.1.6.tgz",
      "integrity": "sha512-oGi7NQUQJf9xFQBIkUEm2NMOWhezgSEfyR8EOBv0okdgNkKZg8LUJIJ3G1czdwgUkAQPMpVRxqCE/JK4B+cCmw==",
      "dependencies": {
        "ajax-caching": "^0.1.0"
      }
    },
    "node_modules/solcjs-core": {
      "version": "0.6.0",
      "resolved": "https://registry.npmjs.org/solcjs-core/-/solcjs-core-0.6.0.tgz",
      "integrity": "sha512-PSuiSMMFnjQSn2PMr/Ae4kYPum+NVneZDA5hiZrOhG59t4gDRPt0bSdRjdlVgWFmTQTqsd5aJ9u+P0x7L7lJDg==",
      "dependencies": {
        "ajax-caching": "^0.2.0",
        "solc-import": "^0.0.2",
        "solc-version": "^0.2.0"
      }
    },
    "node_modules/solcjs-core/node_modules/ajax-caching": {
      "version": "0.2.0",
      "resolved": "https://registry.npmjs.org/ajax-caching/-/ajax-caching-0.2.0.tgz",
      "integrity": "sha512-WUDWUS1V/I3qquf4fxZECiaAbtN7apPzfkpfyvE4nBIT6FInwYT8smrmDJOL/FqQAwGQOJh4gEseBg0xcOj7Qw==",
      "dependencies": {
        "kv-idb": "^1.1.0"
      }
    },
    "node_modules/solcjs-core/node_modules/solc-version": {
      "version": "0.2.2",
      "resolved": "https://registry.npmjs.org/solc-version/-/solc-version-0.2.2.tgz",
      "integrity": "sha512-CNdemSq0W0OcSD6B9OYkUmJaWuQOX5YMEYUJ5vkHFJwwCnFnmE/jAW08wLexaH/+XbMTsrV1IxcAnHnx3STHrQ==",
      "dependencies": {
        "ajax-caching": "^0.2.0",
        "lodash": "^4.17.15"
      }
    },
    "node_modules/tmp": {
      "version": "0.0.33",
      "resolved": "https://registry.npmjs.org/tmp/-/tmp-0.0.33.tgz",
      "integrity": "sha512-jRCJlojKnZ3addtTOjdIqoRuPEKBvNXcGYqzO6zWZX8KfKEpnGY5jfggJQ3EjKuu8D4bJRr0y+cYJFmYbImXGw==",
      "dependencies": {
        "os-tmpdir": "~1.0.2"
      },
      "engines": {
        "node": ">=0.6.0"
      }
    },
    "node_modules/tslib": {
      "version": "2.4.0",
      "resolved": "https://registry.npmjs.org/tslib/-/tslib-2.4.0.tgz",
      "integrity": "sha512-d6xOpEDfsi2CZVlPQzGeux8XMwLT9hssAsaPYExaQMuYskwb+x1x7J371tWlbBdWHroy99KnVB6qIkUbs5X3UQ=="
    },
    "node_modules/ws": {
      "version": "8.5.0",
      "resolved": "https://registry.npmjs.org/ws/-/ws-8.5.0.tgz",
      "integrity": "sha512-BWX0SWVgLPzYwF8lTzEy1egjhS4S4OEAHfsO8o65WOVsrnSRGaSiUaa9e0ggGlkMTtBlmOpEXiie9RUcBO86qg==",
      "engines": {
        "node": ">=10.0.0"
      },
      "peerDependencies": {
        "bufferutil": "^4.0.1",
        "utf-8-validate": "^5.0.2"
      },
      "peerDependenciesMeta": {
        "bufferutil": {
          "optional": true
        },
        "utf-8-validate": {
          "optional": true
        }
      }
    }
  }
}
