# THIS IS AN AUTOGENERATED FILE. DO NOT EDIT THIS FILE DIRECTLY.
# yarn lockfile v1


"@adraffy/ens-normalize@npm:1.10.1":
  version: 1.10.1
  resolution: "@adraffy/ens-normalize@npm:1.10.1"
  checksum: 10c0/fdd647604e8fac6204921888aaf5a6bc65eabf0d2921bc5f93b64d01f4bc33ead167c1445f7de05468d05cd92ac31b74c68d2be840c62b79d73693308f885c06
  languageName: node
  linkType: hard

"@noble/curves@1.2.0":
  version "1.2.0"
  resolved "https://registry.yarnpkg.com/@noble/curves/-/curves-1.2.0.tgz#92d7e12e4e49b23105a2555c6984d41733d65c35"
  integrity sha512-oYclrNgRaM9SsBUBVbb8M6DTV7ZHRTKugureoYEncY5c65HOmRzvSiTE3y5CYaPYJA/GVkrhXEoF0M3Ya9PMnw==
  dependencies:
    "@noble/hashes" "1.3.2"

"@noble/hashes@1.3.2":
  version "1.3.2"
  resolved "https://registry.yarnpkg.com/@noble/hashes/-/hashes-1.3.2.tgz#6f26dbc8fbc7205873ce3cee2f690eba0d421b39"
  integrity sha512-MVC8EAQp7MvEcm30KWENFjgR+Mkmf+D189XJTkFIlwohU5hcBbn1ZkKq7KVTi2Hme3PMGF390DaL52beVrIihQ==

"@types/node@npm:22.7.5":
  version: 22.7.5
  resolution: "@types/node@npm:22.7.5"
  dependencies:
    undici-types: "npm:~6.19.2"
  checksum: 10c0/cf11f74f1a26053ec58066616e3a8685b6bcd7259bc569738b8f752009f9f0f7f85a1b2d24908e5b0f752482d1e8b6babdf1fbb25758711ec7bb9500bfcd6e60
  languageName: node
  linkType: hard

"aes-js@npm:4.0.0-beta.5":
  version: 4.0.0-beta.5
  resolution: "aes-js@npm:4.0.0-beta.5"
  checksum: 10c0/444f4eefa1e602cbc4f2a3c644bc990f93fd982b148425fee17634da510586fc09da940dcf8ace1b2d001453c07ff042e55f7a0482b3cc9372bf1ef75479090c
  languageName: node
  linkType: hard

"command-exists@npm:^1.2.8":
  version: 1.2.9
  resolution: "command-exists@npm:1.2.9"
  checksum: 10c0/75040240062de46cd6cd43e6b3032a8b0494525c89d3962e280dde665103f8cc304a8b313a5aa541b91da2f5a9af75c5959dc3a77893a2726407a5e9a0234c16
  languageName: node
  linkType: hard

"commander@npm:^8.1.0":
  version: 8.3.0
  resolution: "commander@npm:8.3.0"
  checksum: 10c0/8b043bb8322ea1c39664a1598a95e0495bfe4ca2fad0d84a92d7d1d8d213e2a155b441d2470c8e08de7c4a28cf2bc6e169211c49e1b21d9f7edc6ae4d9356060
  languageName: node
  linkType: hard

"ethers@npm:^6.8.1":
  version: 6.13.5
  resolution: "ethers@npm:6.13.5"
  dependencies:
    "@adraffy/ens-normalize": "npm:1.10.1"
    "@noble/curves": "npm:1.2.0"
    "@noble/hashes": "npm:1.3.2"
    "@types/node": "npm:22.7.5"
    aes-js: "npm:4.0.0-beta.5"
    tslib: "npm:2.7.0"
    ws: "npm:8.17.1"
  checksum: 10c0/64bc7b8907de199392b8a88c15c9a085892919cff7efa2e5326abc7fe5c426001726c51d91e10c74e5fc5e2547188297ce4127f6e52ea42a97ade0b2ae474677
  languageName: node
  linkType: hard

"follow-redirects@npm:^1.12.1":
  version: 1.15.9
  resolution: "follow-redirects@npm:1.15.9"
  peerDependenciesMeta:
    debug:
      optional: true
  checksum: 10c0/5829165bd112c3c0e82be6c15b1a58fa9dcfaede3b3c54697a82fe4a62dd5ae5e8222956b448d2f98e331525f05d00404aba7d696de9e761ef6e42fdc780244f
  languageName: node
  linkType: hard

command-exists@^1.2.8:
  version "1.2.9"
  resolved "https://registry.yarnpkg.com/command-exists/-/command-exists-1.2.9.tgz#c50725af3808c8ab0260fd60b01fbfa25b954f69"
  integrity sha512-LTQ/SGc+s0Xc0Fu5WaKnR0YiygZkm9eKFvyS+fRsU7/ZWFF8ykFM6Pc9aCVf1+xasOOZpO3BAVgVrKvsqKHV7w==

commander@^8.1.0:
  version "8.3.0"
  resolved "https://registry.yarnpkg.com/commander/-/commander-8.3.0.tgz#4837ea1b2da67b9c616a67afbb0fafee567bca66"
  integrity sha512-OkTL9umf+He2DZkUq8f8J9of7yL6RJKI24dVITBmNfZBmri9zYZQrKkuXiKhyfPSu8tUhnVBB1iKXevvnlR4Ww==

ethers@^6.8.1:
  version "6.13.5"
  resolved "https://registry.yarnpkg.com/ethers/-/ethers-6.13.5.tgz#8c1d6ac988ac08abc3c1d8fabbd4b8b602851ac4"
  integrity sha512-+knKNieu5EKRThQJWwqaJ10a6HE9sSehGeqWN65//wE7j47ZpFhKAnHB/JJFibwwg61I/koxaPsXbXpD/skNOQ==
  dependencies:
    "@adraffy/ens-normalize" "1.10.1"
    "@noble/curves" "1.2.0"
    "@noble/hashes" "1.3.2"
    "@types/node" "22.7.5"
    aes-js "4.0.0-beta.5"
    tslib "2.7.0"
    ws "8.17.1"

follow-redirects@^1.12.1:
  version "1.15.9"
  resolved "https://registry.yarnpkg.com/follow-redirects/-/follow-redirects-1.15.9.tgz#a604fa10e443bf98ca94228d9eebcc2e8a2c8ee1"
  integrity sha512-gew4GsXizNgdoRyqmyfMHyAmXsZDk6mHkSxZFCzW9gwlbtOW44CDtYavM+y+72qD/Vq2l550kMF52DT8fOLJqQ==

js-sha3@0.8.0:
  version "0.8.0"
  resolved "https://registry.yarnpkg.com/js-sha3/-/js-sha3-0.8.0.tgz#b9b7a5da73afad7dedd0f8c463954cbde6818840"
  integrity sha512-gF1cRrHhIzNfToc802P800N8PpXS+evLLXfsVpowqmAFR9uwbi89WvXg2QspOmXL8QL86J4T1EpFu+yUkwJY3Q==

memorystream@^0.3.1:
  version "0.3.1"
  resolved "https://registry.yarnpkg.com/memorystream/-/memorystream-0.3.1.tgz#86d7090b30ce455d63fbae12dda51a47ddcaf9b2"
  integrity sha512-S3UwM3yj5mtUSEfP41UZmt/0SCoVYUcU1rkXv+BQ5Ig8ndL4sPoJNBUJERafdPb5jjHJGuMgytgKvKIf58XNBw==

os-tmpdir@~1.0.2:
  version "1.0.2"
  resolved "https://registry.yarnpkg.com/os-tmpdir/-/os-tmpdir-1.0.2.tgz#bbe67406c79aa85c5cfec766fe5734555dfa1274"
  integrity sha512-D2FR03Vir7FIu45XBY20mTb+/ZSWB00sjU9jdQXt83gDrI4Ztz5Fs7/yy74g2N5SVQY4xY1qDr4rNddwYRVX0g==

"solc@npm:^0.8.27":
  version: 0.8.28
  resolution: "solc@npm:0.8.28"
  dependencies:
    command-exists: "npm:^1.2.8"
    commander: "npm:^8.1.0"
    follow-redirects: "npm:^1.12.1"
    js-sha3: "npm:0.8.0"
    memorystream: "npm:^0.3.1"
    semver: "npm:^5.5.0"
    tmp: "npm:0.0.33"
  bin:
    solcjs: solc.js
  checksum: 10c0/83f06f81f28794102a3cc8d12bfb02044fb146478e148821f0fcf1d4cd97fd5ece7cb29f2a0d3fbaf075f9861bbf03592006db0118ac9f97689915a2265ce78f
  languageName: node
  linkType: hard

tmp@0.0.33:
  version "0.0.33"
  resolved "https://registry.yarnpkg.com/tmp/-/tmp-0.0.33.tgz#6d34335889768d21b2bcda0aa277ced3b1bfadf9"
  integrity sha512-jRCJlojKnZ3addtTOjdIqoRuPEKBvNXcGYqzO6zWZX8KfKEpnGY5jfggJQ3EjKuu8D4bJRr0y+cYJFmYbImXGw==
  dependencies:
    os-tmpdir "~1.0.2"

"tslib@npm:2.7.0":
  version: 2.7.0
  resolution: "tslib@npm:2.7.0"
  checksum: 10c0/469e1d5bf1af585742128827000711efa61010b699cb040ab1800bcd3ccdd37f63ec30642c9e07c4439c1db6e46345582614275daca3e0f4abae29b0083f04a6
  languageName: node
  linkType: hard

"undici-types@npm:~6.19.2":
  version: 6.19.8
  resolution: "undici-types@npm:6.19.8"
  checksum: 10c0/078afa5990fba110f6824823ace86073b4638f1d5112ee26e790155f481f2a868cc3e0615505b6f4282bdf74a3d8caad715fd809e870c2bb0704e3ea6082f344
  languageName: node
  linkType: hard

"ws@npm:8.17.1":
  version: 8.17.1
  resolution: "ws@npm:8.17.1"
  peerDependencies:
    bufferutil: ^4.0.1
    utf-8-validate: ">=5.0.2"
  peerDependenciesMeta:
    bufferutil:
      optional: true
    utf-8-validate:
      optional: true
  checksum: 10c0/f4a49064afae4500be772abdc2211c8518f39e1c959640457dcee15d4488628620625c783902a52af2dd02f68558da2868fd06e6fd0e67ebcd09e6881b1b5bfe
  languageName: node
  linkType: hard
