dependencies:
- name: aztec-node
  repository: file://../aztec-node
  version: 0.1.0
- name: aztec-node
  repository: file://../aztec-node
  version: 0.1.0
- name: aztec-node
  repository: file://../aztec-node
  version: 0.1.0
digest: sha256:ea4f9f40929d33e5e546386c67ba58d9b0d059ba028f2fdf92935dc24c1ada83
generated: "2025-06-04T09:07:06.746887988Z"
