dependencies:
- name: aztec-node
  repository: file://../aztec-node
  version: 0.1.0
- name: aztec-node
  repository: file://../aztec-node
  version: 0.1.0
- name: aztec-node
  repository: file://../aztec-node
  version: 0.1.0
digest: sha256:5cfa1825a10d43182ca4094396767f49f9c45382bb7dc3b1c4ab8f034e313266
generated: "2025-05-20T08:58:03.907338996Z"
